# Generated by conda-lock.
# platform: win-64
# input_hash: f4d9c71ce962e79c730c933644c19267337348ffc3d0c56fc49aec2e5adc0c0c
@EXPLICIT
https://conda.anaconda.org/conda-forge/noarch/font-ttf-dejavu-sans-mono-2.37-hab24e00_0.tar.bz2#0c96522c6bdaed4b1566d11387caaf45
https://conda.anaconda.org/conda-forge/noarch/font-ttf-inconsolata-3.000-h77eed37_0.tar.bz2#34893075a5c9e55cdafac56607368fc6
https://conda.anaconda.org/conda-forge/noarch/font-ttf-source-code-pro-2.038-h77eed37_0.tar.bz2#4d59c254e01d9cde7957100457e2d5fb
https://conda.anaconda.org/conda-forge/noarch/font-ttf-ubuntu-0.83-h77eed37_3.conda#49023d73832ef61042f6a237cb2687e7
https://conda.anaconda.org/conda-forge/noarch/python_abi-3.12-8_cp312.conda#c3efd25ac4d74b1584d2f7a57195ddf1
https://conda.anaconda.org/conda-forge/noarch/tzdata-2025b-h78e105d_0.conda#4222072737ccff51314b5ece9c7d6f5a
https://conda.anaconda.org/conda-forge/win-64/ucrt-10.0.26100.0-h57928b3_0.conda#71b24316859acd00bdb8b38f5e2ce328
https://conda.anaconda.org/conda-forge/win-64/winpty-0.4.3-4.tar.bz2#1cee351bf20b830d991dbe0bc8cd7dfe
https://conda.anaconda.org/conda-forge/noarch/ca-certificates-2025.11.12-h4c7d964_0.conda#f98fb7db808b94bc1ec5b0e62f9f1069
https://conda.anaconda.org/conda-forge/noarch/fonts-conda-forge-1-hc364b38_1.conda#a7970cd949a077b7cb9696379d338681
https://conda.anaconda.org/conda-forge/win-64/libwinpthread-12.0.0.r4.gg4f2fc60ca-h57928b3_10.conda#8a86073cf3b343b87d03f41790d8b4e5
https://conda.anaconda.org/conda-forge/win-64/vcomp14-14.44.35208-h818238b_32.conda#58f67b437acbf2764317ba273d731f1d
https://conda.anaconda.org/conda-forge/noarch/fonts-conda-ecosystem-1-0.tar.bz2#fee5683a3f04bd15cbd8318b096a27ab
https://conda.anaconda.org/conda-forge/win-64/libgomp-15.2.0-h1383e82_7.conda#7f970a7f9801622add7746aa3cbc24d5
https://conda.anaconda.org/conda-forge/win-64/vc14_runtime-14.44.35208-h818238b_32.conda#378d5dcec45eaea8d303da6f00447ac0
https://conda.anaconda.org/conda-forge/win-64/_openmp_mutex-4.5-2_gnu.conda#37e16618af5c4851a3f3d66dd0e11141
https://conda.anaconda.org/conda-forge/win-64/vc-14.3-h2b53caa_32.conda#ef02bbe151253a72b8eda264a935db66
https://conda.anaconda.org/conda-forge/win-64/vs2015_runtime-14.44.35208-h38c0c73_32.conda#dfc1e5bbf1ecb0024a78e4e8bd45239d
https://conda.anaconda.org/conda-forge/win-64/aws-c-common-0.12.5-hfd05255_1.conda#47ade93c2f58573ad29519ab7be05321
https://conda.anaconda.org/conda-forge/win-64/bzip2-1.0.8-h0ad9c76_8.conda#1077e9333c41ff0be8edd1a5ec0ddace
https://conda.anaconda.org/conda-forge/win-64/c-ares-1.34.5-h2466b09_0.conda#b1f84168da1f0b76857df7e5817947a9
https://conda.anaconda.org/conda-forge/win-64/double-conversion-3.3.1-he0c23c2_0.conda#e9a1402439c18a4e3c7a52e4246e9e1c
https://conda.anaconda.org/conda-forge/win-64/fribidi-1.0.16-hfd05255_0.conda#c27bd87e70f970010c1c6db104b88b18
https://conda.anaconda.org/conda-forge/win-64/getopt-win32-0.1-h6a83c73_3.conda#49c36fcad2e9af6b91e91f2ce5be8ebd
https://conda.anaconda.org/conda-forge/win-64/graphite2-1.3.14-hac47afa_2.conda#b785694dd3ec77a011ccf0c24725382b
https://conda.anaconda.org/conda-forge/win-64/icu-75.1-he0c23c2_0.conda#8579b6bb8d18be7c0b27fb08adeeeb40
https://conda.anaconda.org/conda-forge/win-64/lerc-4.0.0-h6470a55_1.conda#c1b81da6d29a14b542da14a36c9fbf3f
https://conda.anaconda.org/conda-forge/win-64/libabseil-20250512.1-cxx17_habfad5f_0.conda#d6a4cd236fc1c69a1cfc9698fb5e391f
https://conda.anaconda.org/conda-forge/win-64/libbrotlicommon-1.2.0-hc82b238_0.conda#a5607006c2135402ca3bb96ff9b87896
https://conda.anaconda.org/conda-forge/win-64/libcrc32c-1.1.2-h0e60522_0.tar.bz2#cd4cc2d0c610c8cb5419ccc979f2d6ce
https://conda.anaconda.org/conda-forge/win-64/libdeflate-1.25-h51727cc_0.conda#e77030e67343e28b084fabd7db0ce43e
https://conda.anaconda.org/conda-forge/win-64/libexpat-2.7.3-hac47afa_0.conda#8c9e4f1a0e688eef2e95711178061a0f
https://conda.anaconda.org/conda-forge/win-64/libffi-3.5.2-h52bdfb6_0.conda#ba4ad812d2afc22b9a34ce8327a0930f
https://conda.anaconda.org/conda-forge/win-64/libgcc-15.2.0-h1383e82_7.conda#926a82fc4fa5b284b1ca1fb74f20dee2
https://conda.anaconda.org/conda-forge/win-64/libiconv-1.18-hc1393d2_2.conda#64571d1dd6cdcfa25d0664a5950fdaa2
https://conda.anaconda.org/conda-forge/win-64/libjpeg-turbo-3.1.2-hfd05255_0.conda#56a686f92ac0273c0f6af58858a3f013
https://conda.anaconda.org/conda-forge/win-64/liblzma-5.8.1-h2466b09_2.conda#c15148b2e18da456f5108ccb5e411446
https://conda.anaconda.org/conda-forge/win-64/libsodium-1.0.20-hc70643c_0.conda#198bb594f202b205c7d18b936fa4524f
https://conda.anaconda.org/conda-forge/win-64/libsqlite-3.51.0-hf5d6505_0.conda#d2c9300ebd2848862929b18c264d1b1e
https://conda.anaconda.org/conda-forge/win-64/libutf8proc-2.11.1-hb980946_0.conda#5e88284266faf1fb8655ecb325b0c554
https://conda.anaconda.org/conda-forge/win-64/libvulkan-loader-1.4.328.1-h477610d_0.conda#4403eae6c81f448d63a7f66c0b330536
https://conda.anaconda.org/conda-forge/win-64/libwebp-base-1.6.0-h4d5522a_0.conda#f9bbae5e2537e3b06e0f7310ba76c893
https://conda.anaconda.org/conda-forge/win-64/libxgboost-3.1.1-cpu_hd161407_0.conda#0faad8c0c64d2eaa90d4f24f772c6bed
https://conda.anaconda.org/conda-forge/win-64/libzlib-1.3.1-h2466b09_2.conda#41fbfac52c601159df6c01f875de31b9
https://conda.anaconda.org/conda-forge/win-64/llvm-openmp-21.1.6-h4fa8253_0.conda#92db366ac0d445e2a3f939b50a9437d1
https://conda.anaconda.org/conda-forge/win-64/lz4-c-1.10.0-h2466b09_1.conda#0b69331897a92fac3d8923549d48d092
https://conda.anaconda.org/conda-forge/win-64/opencl-headers-2025.06.13-he0c23c2_0.conda#25b288eda332180bba67ef785a20ae45
https://conda.anaconda.org/conda-forge/win-64/openssl-3.6.0-h725018a_0.conda#84f8fb4afd1157f59098f618cd2437e4
https://conda.anaconda.org/conda-forge/win-64/pixman-0.46.4-h5112557_1.conda#08c8fa3b419df480d985e304f7884d35
https://conda.anaconda.org/conda-forge/win-64/qhull-2020.2-hc790b64_5.conda#854fbdff64b572b5c0b470f334d34c11
https://conda.anaconda.org/conda-forge/win-64/snappy-1.2.2-h7fa0ca8_1.conda#3075846de68f942150069d4289aaad63
https://conda.anaconda.org/conda-forge/win-64/tk-8.6.13-h2c6b04d_3.conda#7cb36e506a7dba4817970f8adb6396f9
https://conda.anaconda.org/conda-forge/win-64/yaml-0.2.5-h6a83c73_3.conda#433699cba6602098ae8957a323da2664
https://conda.anaconda.org/conda-forge/win-64/zlib-ng-2.2.5-h32d8bfd_0.conda#dec092b1a069abafc38655ded65a7b29
https://conda.anaconda.org/conda-forge/win-64/aws-c-cal-0.9.10-ha82e055_1.conda#11394bff1f454f58ee000350ff3c23a6
https://conda.anaconda.org/conda-forge/win-64/aws-c-compression-0.3.1-h83e01e5_8.conda#c531103556862e44ba19003638b72fb0
https://conda.anaconda.org/conda-forge/win-64/aws-c-sdkutils-0.2.4-h83e01e5_3.conda#1860dd0926b5eb0fcb19b581b908975b
https://conda.anaconda.org/conda-forge/win-64/aws-checksums-0.2.7-h83e01e5_4.conda#789551227529bc1c3ef3cbd1a2a1f5e4
https://conda.anaconda.org/conda-forge/win-64/khronos-opencl-icd-loader-2024.10.24-h2466b09_1.conda#71a72eb0eed16a4a76fd88359be48fec
https://conda.anaconda.org/conda-forge/win-64/krb5-1.21.3-hdf4eb48_0.conda#31aec030344e962fbd7dbbbbd68e60a9
https://conda.anaconda.org/conda-forge/win-64/libbrotlidec-1.2.0-h431afc6_0.conda#edc47a5d0ec6d95efefab3e99d0f4df0
https://conda.anaconda.org/conda-forge/win-64/libbrotlienc-1.2.0-ha521d6b_0.conda#f780291507a3f91d93a7147daea082f8
https://conda.anaconda.org/conda-forge/win-64/libevent-2.1.12-h3671451_1.conda#25efbd786caceef438be46da78a7b5ef
https://conda.anaconda.org/conda-forge/win-64/libintl-0.22.5-h5728263_3.conda#2cf0cf76cc15d360dfa2f17fd6cf9772
https://conda.anaconda.org/conda-forge/win-64/libpng-1.6.50-h7351971_1.conda#3ae6e9f5c47c495ebeed95651518be61
https://conda.anaconda.org/conda-forge/win-64/libprotobuf-6.31.1-hdcda5b4_2.conda#0e44c704760bbe4b696d981c3313f665
https://conda.anaconda.org/conda-forge/win-64/libre2-11-2025.11.05-h0eb2380_0.conda#960713477ad3d7f82e5199fa1b940495
https://conda.anaconda.org/conda-forge/win-64/libssh2-1.11.1-h9aa295b_0.conda#9dce2f112bfd3400f4f432b3d0ac07b2
https://conda.anaconda.org/conda-forge/win-64/libxml2-16-2.15.1-h06f855e_0.conda#4a5ea6ec2055ab0dfd09fd0c498f834a
https://conda.anaconda.org/conda-forge/win-64/pcre2-10.46-h3402e2f_0.conda#889053e920d15353c2665fa6310d7a7a
https://conda.anaconda.org/conda-forge/win-64/pthread-stubs-0.4-h0e40799_1002.conda#3c8f2573569bb816483e5cf57efbbe29
https://conda.anaconda.org/conda-forge/win-64/python-3.12.12-h0159041_1_cpython.conda#42ae551e4c15837a582bea63412dc0b4
https://conda.anaconda.org/conda-forge/win-64/xorg-libxau-1.0.12-hba3369d_1.conda#8436cab9a76015dfe7208d3c9f97c156
https://conda.anaconda.org/conda-forge/win-64/xorg-libxdmcp-1.1.5-hba3369d_1.conda#a7c03e38aa9c0e84d41881b9236eacfb
https://conda.anaconda.org/conda-forge/win-64/zstd-1.5.7-hbeecb71_2.conda#21f56217d6125fb30c3c3f10c786d751
https://conda.anaconda.org/conda-forge/noarch/aiohappyeyeballs-2.6.1-pyhd8ed1ab_0.conda#18fd895e0e775622906cdabfc3cf0fb4
https://conda.anaconda.org/conda-forge/noarch/alabaster-0.7.16-pyhd8ed1ab_0.conda#def531a3ac77b7fb8c21d17bb5d0badb
https://conda.anaconda.org/conda-forge/noarch/asttokens-3.0.1-pyhd8ed1ab_0.conda#9673a61a297b00016442e022d689faa6
https://conda.anaconda.org/conda-forge/noarch/attrs-25.4.0-pyh71513ae_0.conda#c7944d55af26b6d2d7629e27e9a972c1
https://conda.anaconda.org/conda-forge/win-64/aws-c-io-0.23.3-h6f46d10_3.conda#dd719de51293043208c5b5da2db2e803
https://conda.anaconda.org/conda-forge/noarch/blinker-1.9.0-pyhff2d567_0.conda#42834439227a4551b939beeeb8a4b085
https://conda.anaconda.org/conda-forge/win-64/brotli-bin-1.2.0-h6910e44_0.conda#c3a73d78af195cb2621e9e16426f7bba
https://conda.anaconda.org/conda-forge/win-64/brotli-python-1.2.0-py312h9d5906e_0.conda#33b94eb79455950e69771bdd22db2988
https://conda.anaconda.org/conda-forge/noarch/cached_property-1.5.2-pyha770c72_1.tar.bz2#576d629e47797577ab0f1b351297ef4a
https://conda.anaconda.org/conda-forge/noarch/cachetools-6.2.2-pyhd8ed1ab_0.conda#9c265afcec13eb6e844ae51b4a4b52ad
https://conda.anaconda.org/conda-forge/win-64/catalogue-2.0.10-py312h2e8e312_2.conda#281b5dd830f8d3f0b4fad21d876efde6
https://conda.anaconda.org/conda-forge/noarch/certifi-2025.11.12-pyhd8ed1ab_0.conda#96a02a5c1a65470a7e4eedb644c872fd
https://conda.anaconda.org/conda-forge/noarch/charset-normalizer-3.4.4-pyhd8ed1ab_0.conda#a22d1fd9bf98827e280a02875d9a007a
https://conda.anaconda.org/conda-forge/noarch/cloudpickle-3.1.2-pyhd8ed1ab_0.conda#fcac5929097ba1f2a0e5b6ecaa13b253
https://conda.anaconda.org/conda-forge/noarch/colorama-0.4.6-pyhd8ed1ab_1.conda#962b9857ee8e7018c22f2776ffa0b2d7
https://conda.anaconda.org/conda-forge/noarch/comm-0.2.3-pyhe01879c_0.conda#2da13f2b299d8e1995bafbbe9689a2f7
https://conda.anaconda.org/conda-forge/noarch/cpython-3.12.12-py312hd8ed1ab_1.conda#99d689ccc1a360639eec979fd7805be9
https://conda.anaconda.org/conda-forge/noarch/cycler-0.12.1-pyhd8ed1ab_1.conda#44600c4667a319d67dbe0681fc0bc833
https://conda.anaconda.org/conda-forge/win-64/cymem-2.0.13-py312hbb81ca0_0.conda#b29407fcdb6e81d95bf828f6f99ceed5
https://conda.anaconda.org/conda-forge/win-64/debugpy-1.8.17-py312ha1a9051_0.conda#113fc3e464ee11d6d65cd697e1146627
https://conda.anaconda.org/conda-forge/noarch/decorator-5.2.1-pyhd8ed1ab_0.conda#9ce473d1d1be1cc3810856a48b3fab32
https://conda.anaconda.org/conda-forge/noarch/defusedxml-0.7.1-pyhd8ed1ab_0.tar.bz2#961b3a227b437d82ad7054484cfa71b2
https://conda.anaconda.org/conda-forge/noarch/dill-0.4.0-pyhd8ed1ab_0.conda#885745570573eb6a08e021841928297a
https://conda.anaconda.org/conda-forge/noarch/docutils-0.22.3-pyhd8ed1ab_0.conda#abbe8c85619c87c4f4f61b44173434af
https://conda.anaconda.org/conda-forge/noarch/executing-2.2.1-pyhd8ed1ab_0.conda#ff9efb7f7469aed3c4a8106ffa29593c
https://conda.anaconda.org/conda-forge/win-64/frozenlist-1.7.0-py312hfdf67e6_0.conda#854caa541146c1c42d64c19fd63cbac9
https://conda.anaconda.org/conda-forge/noarch/hpack-4.1.0-pyhd8ed1ab_0.conda#0a802cb9888dd14eeefc611f05c40b6e
https://conda.anaconda.org/conda-forge/noarch/hyperframe-6.1.0-pyhd8ed1ab_0.conda#8e6923fc12f1fe8f8c4e5c9f343256ac
https://conda.anaconda.org/conda-forge/noarch/idna-3.11-pyhd8ed1ab_0.conda#53abe63df7e10a6ba605dc5f9f961d36
https://conda.anaconda.org/conda-forge/noarch/imagesize-1.4.1-pyhd8ed1ab_0.tar.bz2#7de5386c8fea29e76b303f37dde4c352
https://conda.anaconda.org/conda-forge/noarch/json5-0.12.1-pyhd8ed1ab_0.conda#0fc93f473c31a2f85c0bde213e7c63ca
https://conda.anaconda.org/conda-forge/win-64/jsonpointer-3.0.0-py312h2e8e312_2.conda#fc28e1f2ded45c9213cc9470600a1a2b
https://conda.anaconda.org/conda-forge/noarch/jupyterlab_widgets-3.0.16-pyhcf101f3_1.conda#dbf8b81974504fa51d34e436ca7ef389
https://conda.anaconda.org/conda-forge/win-64/kiwisolver-1.4.9-py312h78d62e6_2.conda#5dabe50380555cf2e89bd58173e88739
https://conda.anaconda.org/conda-forge/noarch/lark-1.3.1-pyhd8ed1ab_0.conda#9b965c999135d43a3d0f7bd7d024e26a
https://conda.anaconda.org/conda-forge/win-64/libboost-1.88.0-h9dfe17d_6.conda#b749addb561373326d03a21f24be1059
https://conda.anaconda.org/conda-forge/win-64/libclang13-21.1.6-default_ha2db4b5_0.conda#32b0f9f52f859396db50d738d50b4a82
https://conda.anaconda.org/conda-forge/win-64/libcurl-8.17.0-h43ecb02_0.conda#cfade9be135edb796837e7d4c288c0fb
https://conda.anaconda.org/conda-forge/win-64/libfreetype6-2.14.1-hdbac1cb_0.conda#6e7c5c5ab485057b5d07fd8188ba5c28
https://conda.anaconda.org/conda-forge/win-64/libglib-2.86.1-hd9c3897_2.conda#1f3effb70f1bb9dcdc469d03522bbe2e
https://conda.anaconda.org/conda-forge/win-64/libthrift-0.22.0-h23985f6_1.conda#556d49ad5c2ad553c2844cc570bb71c7
https://conda.anaconda.org/conda-forge/win-64/libtiff-4.7.1-h8f73337_1.conda#549845d5133100142452812feb9ba2e8
https://conda.anaconda.org/conda-forge/win-64/libxcb-1.17.0-h0e4246c_0.conda#a69bbf778a462da324489976c84cfc8c
https://conda.anaconda.org/conda-forge/win-64/libxml2-2.15.1-ha29bfb0_0.conda#87116b9de9c1825c3fd4ef92c984877b
https://conda.anaconda.org/conda-forge/win-64/llvmlite-0.45.1-py312hdb9728c_0.conda#2ef6c185372624b4fcea5eb2f6f9f893
https://conda.anaconda.org/conda-forge/win-64/markupsafe-3.0.3-py312h05f76fc_0.conda#9a50d5e7b4f2bf5db9790bbe9421cdf8
https://conda.anaconda.org/conda-forge/noarch/mdurl-0.1.2-pyhd8ed1ab_1.conda#592132998493b3ff25fd7479396e8351
https://conda.anaconda.org/conda-forge/win-64/multidict-6.6.3-py312h05f76fc_0.conda#09a8b339af890c678ca0e56033482ca1
https://conda.anaconda.org/conda-forge/noarch/munkres-1.1.4-pyhd8ed1ab_1.conda#37293a85a0f4f77bbd9cf7aaefc62609
https://conda.anaconda.org/conda-forge/win-64/murmurhash-1.0.14-py312ha1a9051_0.conda#c0a72df8d9f76c640c5431a9cac23b53
https://conda.anaconda.org/conda-forge/noarch/narwhals-2.12.0-pyhcf101f3_0.conda#02cab382663872083b7e8675f09d9c21
https://conda.anaconda.org/conda-forge/noarch/nest-asyncio-1.6.0-pyhd8ed1ab_1.conda#598fd7d4d0de2455fb74f56063969a97
https://conda.anaconda.org/conda-forge/win-64/orc-2.2.1-h7414dfc_0.conda#a9b6ebf475194b0e5ad43168e9b936a7
https://conda.anaconda.org/conda-forge/noarch/packaging-25.0-pyh29332c3_1.conda#58335b26c38bf4a20f399384c33cbcf9
https://conda.anaconda.org/conda-forge/noarch/pandocfilters-1.5.0-pyhd8ed1ab_0.tar.bz2#457c2c8c08e54905d6954e79cb5b5db9
https://conda.anaconda.org/conda-forge/noarch/parso-0.8.5-pyhcf101f3_0.conda#a110716cdb11cf51482ff4000dc253d7
https://conda.anaconda.org/conda-forge/noarch/platformdirs-4.5.0-pyhcf101f3_0.conda#5c7a868f8241e64e1cf5fdf4962f23e2
https://conda.anaconda.org/conda-forge/noarch/prometheus_client-0.23.1-pyhd8ed1ab_0.conda#a1e91db2d17fd258c64921cb38e6745a
https://conda.anaconda.org/conda-forge/win-64/propcache-0.3.1-py312h31fea79_0.conda#8a1fef8f5796cf8076c7d1897e28ed5a
https://conda.anaconda.org/conda-forge/win-64/protobuf-6.31.1-py312hcb3287e_2.conda#989246a50fed28bc6743d77805f6cc95
https://conda.anaconda.org/conda-forge/win-64/psutil-7.1.3-py312he5662c2_0.conda#f6d128e33550e9e8e3864a48c8f24230
https://conda.anaconda.org/conda-forge/noarch/pure_eval-0.2.3-pyhd8ed1ab_1.conda#3bfdfb8dbcdc4af1ae3f9a8eb3948f04
https://conda.anaconda.org/conda-forge/noarch/pyasn1-0.6.1-pyhd8ed1ab_2.conda#09bb17ed307ad6ab2fd78d32372fdd4e
https://conda.anaconda.org/conda-forge/noarch/pycparser-2.22-pyh29332c3_1.conda#12c566707c80111f9799308d9e265aef
https://conda.anaconda.org/conda-forge/noarch/pygments-2.19.2-pyhd8ed1ab_0.conda#6b6ece66ebcae2d5f326c77ef2c5a066
https://conda.anaconda.org/conda-forge/noarch/pyjwt-2.10.1-pyhd8ed1ab_0.conda#84c5c40ea7c5bbc6243556e5daed20e7
https://conda.anaconda.org/conda-forge/noarch/pyparsing-3.2.5-pyhcf101f3_0.conda#6c8979be6d7a17692793114fa26916e8
https://conda.anaconda.org/conda-forge/noarch/python-fastjsonschema-2.21.2-pyhe01879c_0.conda#23029aae904a2ba587daba708208012f
https://conda.anaconda.org/conda-forge/noarch/python-json-logger-2.0.7-pyhd8ed1ab_0.conda#a61bf9ec79426938ff785eb69dbb1960
https://conda.anaconda.org/conda-forge/noarch/python-tzdata-2025.2-pyhd8ed1ab_0.conda#88476ae6ebd24f39261e0854ac244f33
https://conda.anaconda.org/conda-forge/noarch/pytz-2025.2-pyhd8ed1ab_0.conda#bc8e3267d44011051f2eb14d22fb0960
https://conda.anaconda.org/conda-forge/win-64/pywin32-311-py312h829343e_1.conda#64cbe4ecbebe185a2261d3f298a60cde
https://conda.anaconda.org/conda-forge/win-64/pywinpty-2.0.15-py312h275cf98_1.conda#66255d136bd0daa41713a334db41d9f0
https://conda.anaconda.org/conda-forge/win-64/pyyaml-6.0.3-py312h05f76fc_0.conda#4a68f80fbf85499f093101cc17ffbab7
https://conda.anaconda.org/conda-forge/win-64/re2-2025.11.05-ha104f34_0.conda#50746f61f199c4c00d42e33f5d6cfd0b
https://conda.anaconda.org/conda-forge/win-64/regex-2025.11.3-py312he06e257_1.conda#ae62c58284a493c56c6cccd4d5b902c1
https://conda.anaconda.org/conda-forge/noarch/rfc3986-validator-0.1.1-pyh9f0ad1d_0.tar.bz2#912a71cc01012ee38e6b90ddd561e36f
https://conda.anaconda.org/conda-forge/win-64/rpds-py-0.29.0-py312hdabe01f_0.conda#13fd071b2575f7730c2fae31b7304286
https://conda.anaconda.org/conda-forge/noarch/setuptools-80.9.0-pyhff2d567_0.conda#4de79c071274a53dcaf2a8c749d1499e
https://conda.anaconda.org/conda-forge/noarch/shellingham-1.5.4-pyhd8ed1ab_2.conda#83ea3a2ddb7a75c1b09cea582aa4f106
https://conda.anaconda.org/conda-forge/noarch/six-1.17.0-pyhe01879c_1.conda#3339e3b65d58accf4ca4fb8748ab16b3
https://conda.anaconda.org/conda-forge/noarch/slicer-0.0.8-pyhd8ed1ab_0.conda#f6f75ceccf92ddb21665b03cfbfa7800
https://conda.anaconda.org/conda-forge/noarch/sniffio-1.3.1-pyhd8ed1ab_2.conda#03fe290994c5e4ec17293cfb6bdce520
https://conda.anaconda.org/conda-forge/noarch/snowballstemmer-3.0.1-pyhd8ed1ab_0.conda#755cf22df8693aa0d1aec1c123fa5863
https://conda.anaconda.org/conda-forge/noarch/soupsieve-2.8-pyhd8ed1ab_0.conda#18c019ccf43769d211f2cf78e9ad46c2
https://conda.anaconda.org/conda-forge/noarch/spacy-legacy-3.0.12-pyhd8ed1ab_0.conda#bbe68ced56ea855f0223c329f1fd2fc0
https://conda.anaconda.org/conda-forge/noarch/spacy-loggers-1.0.5-pyhd8ed1ab_0.conda#017fa97ac8c29416983dc9e67b27f6c8
https://conda.anaconda.org/conda-forge/noarch/sphinxcontrib-applehelp-1.0.4-pyhd8ed1ab_0.conda#5a31a7d564f551d0e6dff52fd8cb5b16
https://conda.anaconda.org/conda-forge/noarch/sphinxcontrib-devhelp-1.0.2-py_0.tar.bz2#68e01cac9d38d0e717cd5c87bc3d2cc9
https://conda.anaconda.org/conda-forge/noarch/sphinxcontrib-htmlhelp-2.0.1-pyhd8ed1ab_0.conda#6c8c4d6eb2325e59290ac6dbbeacd5f0
https://conda.anaconda.org/conda-forge/noarch/sphinxcontrib-jsmath-1.0.1-pyhd8ed1ab_1.conda#fa839b5ff59e192f411ccc7dae6588bb
https://conda.anaconda.org/conda-forge/noarch/sphinxcontrib-qthelp-1.0.3-py_0.tar.bz2#d01180388e6d1838c3e1ad029590aa7a
https://conda.anaconda.org/conda-forge/noarch/sphinxcontrib-serializinghtml-1.1.5-pyhd8ed1ab_2.tar.bz2#9ff55a0901cf952f05c654394de76bf7
https://conda.anaconda.org/conda-forge/noarch/tabulate-0.9.0-pyhd8ed1ab_2.conda#959484a66b4b76befcddc4fa97c95567
https://conda.anaconda.org/conda-forge/noarch/threadpoolctl-3.6.0-pyhecae5ae_0.conda#9d64911b31d57ca443e9f1e36b04385f
https://conda.anaconda.org/conda-forge/noarch/tomli-2.3.0-pyhcf101f3_0.conda#d2732eb636c264dc9aa4cbee404b1a53
https://conda.anaconda.org/conda-forge/win-64/tornado-6.5.2-py312he06e257_2.conda#32a980640a06fddd72f36851f792f082
https://conda.anaconda.org/conda-forge/noarch/traitlets-5.14.3-pyhd8ed1ab_1.conda#019a7385be9af33791c989871317e1ed
https://conda.anaconda.org/conda-forge/noarch/typing_extensions-4.15.0-pyhcf101f3_0.conda#0caa1af407ecff61170c9437a808404d
https://conda.anaconda.org/conda-forge/noarch/typing_utils-0.1.0-pyhd8ed1ab_1.conda#f6d7aa696c67756a650e91e15e88223c
https://conda.anaconda.org/conda-forge/win-64/ujson-5.11.0-py312ha1a9051_1.conda#7fe9ccb19a96d6ae1c2296d6dd4b0dca
https://conda.anaconda.org/conda-forge/win-64/unicodedata2-17.0.0-py312he06e257_1.conda#2e4fbe70f86b42b01228cdbcc4b52351
https://conda.anaconda.org/conda-forge/noarch/uri-template-1.3.0-pyhd8ed1ab_1.conda#e7cb0f5745e4c5035a460248334af7eb
https://conda.anaconda.org/conda-forge/noarch/uritemplate-4.2.0-pyhd8ed1ab_0.conda#39224004f2b57cf7a7fb3d83610ab633
https://conda.anaconda.org/conda-forge/win-64/vegafusion-python-embed-1.6.9-py312hf664a67_3.conda#c3d10437799611afa6f41caa32bde4e3
https://conda.anaconda.org/conda-forge/win-64/vl-convert-python-1.8.0-py312h2f7dbde_1.conda#fc411ed68ecf77d395faabab347850f5
https://conda.anaconda.org/conda-forge/noarch/wasabi-1.1.3-pyhd8ed1ab_1.conda#fa76741f59d973f2e07d810ee124cb25
https://conda.anaconda.org/conda-forge/noarch/wcwidth-0.2.14-pyhd8ed1ab_0.conda#7e1e5ff31239f9cd5855714df8a3783d
https://conda.anaconda.org/conda-forge/noarch/webcolors-25.10.0-pyhd8ed1ab_0.conda#6639b6b0d8b5a284f027a2003669aa65
https://conda.anaconda.org/conda-forge/noarch/webencodings-0.5.1-pyhd8ed1ab_3.conda#2841eb5bfc75ce15e9a0054b98dcd64d
https://conda.anaconda.org/conda-forge/noarch/websocket-client-1.9.0-pyhd8ed1ab_0.conda#2f1ed718fcd829c184a6d4f0f2e07409
https://conda.anaconda.org/conda-forge/noarch/wheel-0.45.1-pyhd8ed1ab_1.conda#75cb7132eb58d97896e173ef12ac9986
https://conda.anaconda.org/conda-forge/noarch/widgetsnbextension-4.0.15-pyhd8ed1ab_0.conda#dc257b7e7cad9b79c1dfba194e92297b
https://conda.anaconda.org/conda-forge/noarch/win_inet_pton-1.1.0-pyh7428d3b_8.conda#46e441ba871f524e2b067929da3051c2
https://conda.anaconda.org/conda-forge/win-64/wrapt-1.17.3-py312he06e257_1.conda#fc10fd823d05bde83cda9e90dbef34ed
https://conda.anaconda.org/conda-forge/noarch/xyzservices-2025.10.0-pyhd8ed1ab_0.conda#c98904dfa356df2e386db8af043be202
https://conda.anaconda.org/conda-forge/win-64/zeromq-4.3.5-h5bddc39_9.conda#a6c8f8ee856f7c3c1576e14b86cd8038
https://conda.anaconda.org/conda-forge/noarch/zipp-3.23.0-pyhd8ed1ab_0.conda#df5e78d904988eb55042c0c97446079f
https://conda.anaconda.org/conda-forge/noarch/aiosignal-1.4.0-pyhd8ed1ab_0.conda#421a865222cd0c9d83ff08bc78bf3a61
https://conda.anaconda.org/conda-forge/noarch/astunparse-1.6.3-pyhd8ed1ab_3.conda#d3f195dfdbbf736e4ec178bbec2a975c
https://conda.anaconda.org/conda-forge/noarch/async-lru-2.0.5-pyh29332c3_0.conda#d9d0f99095a9bb7e3641bca8c6ad2ac7
https://conda.anaconda.org/conda-forge/win-64/aws-c-event-stream-0.5.6-h3116ff1_6.conda#3e3384e8f33ac0e7d22942d74c566c3e
https://conda.anaconda.org/conda-forge/win-64/aws-c-http-0.10.7-h52d8906_4.conda#0a8e38b5b7ef67f38d0159dc2578fcac
https://conda.anaconda.org/conda-forge/noarch/babel-2.17.0-pyhd8ed1ab_0.conda#0a01c169f0ab0f91b26e77a3301fbfe4
https://conda.anaconda.org/conda-forge/noarch/bleach-6.3.0-pyhcf101f3_0.conda#b1a27250d70881943cca0dd6b4ba0956
https://conda.anaconda.org/conda-forge/win-64/brotli-1.2.0-h17ff524_0.conda#60c575ea855a6aa03393aa3be2af0414
https://conda.anaconda.org/conda-forge/noarch/cached-property-1.5.2-hd8ed1ab_1.tar.bz2#9b347a7ec10940d3f7941ff6c460b551
https://conda.anaconda.org/conda-forge/win-64/cffi-2.0.0-py312he06e257_1.conda#46f7dccfee37a52a97c0ed6f33fcf0a3
https://conda.anaconda.org/conda-forge/noarch/click-8.3.1-pyh7428d3b_0.conda#26ba5c13d304249a96d0852a9138aac6
https://conda.anaconda.org/conda-forge/noarch/cloudpathlib-0.23.0-pyhd8ed1ab_0.conda#fa372d1e52f3247f758cdbd517a4047d
https://conda.anaconda.org/conda-forge/noarch/exceptiongroup-1.3.0-pyhd8ed1ab_0.conda#72e42d28960d875c7654614f8b50939a
https://conda.anaconda.org/conda-forge/noarch/googleapis-common-protos-1.72.0-pyhd8ed1ab_0.conda#003094932fb90de018f77a273b8a509b
https://conda.anaconda.org/conda-forge/win-64/gts-0.7.6-h6b5321d_4.conda#a41f14768d5e377426ad60c613f2923b
https://conda.anaconda.org/conda-forge/noarch/h11-0.16.0-pyhd8ed1ab_0.conda#4b69232755285701bc86a5afe4d9933a
https://conda.anaconda.org/conda-forge/noarch/h2-4.3.0-pyhcf101f3_0.conda#164fc43f0b53b6e3a7bc7dce5e4f1dc9
https://conda.anaconda.org/conda-forge/noarch/httplib2-0.31.0-pyhd8ed1ab_0.conda#33ee2e1652fdddcce06312eb0ab6c2d5
https://conda.anaconda.org/conda-forge/noarch/importlib-metadata-8.7.0-pyhe01879c_1.conda#63ccfdc3a3ce25b027b8767eb722fca8
https://conda.anaconda.org/conda-forge/noarch/importlib_resources-6.5.2-pyhd8ed1ab_0.conda#c85c76dc67d75619a92f51dfbce06992
https://conda.anaconda.org/conda-forge/noarch/ipython_pygments_lexers-1.1.1-pyhd8ed1ab_0.conda#bd80ba060603cc228d9d81c257093119
https://conda.anaconda.org/conda-forge/noarch/jedi-0.19.2-pyhd8ed1ab_1.conda#a4f4c5dc9b80bc50e0d3dc4e6e8f1bd9
https://conda.anaconda.org/conda-forge/noarch/jinja2-3.1.6-pyhd8ed1ab_0.conda#446bd6c8cb26050d528881df495ce646
https://conda.anaconda.org/conda-forge/noarch/joblib-1.5.2-pyhd8ed1ab_0.conda#4e717929cfa0d49cef92d911e31d0e90
https://conda.anaconda.org/conda-forge/noarch/jupyter_core-5.9.1-pyh6dadd2b_0.conda#a8db462b01221e9f5135be466faeb3e0
https://conda.anaconda.org/conda-forge/noarch/jupyterlab_pygments-0.3.0-pyhd8ed1ab_2.conda#fd312693df06da3578383232528c468d
https://conda.anaconda.org/conda-forge/win-64/lcms2-2.17-hbcf6048_0.conda#3538827f77b82a837fa681a4579e37a1
https://conda.anaconda.org/conda-forge/win-64/libfreetype-2.14.1-h57928b3_0.conda#3235024fe48d4087721797ebd6c9d28c
https://conda.anaconda.org/conda-forge/win-64/libgrpc-1.73.1-h317e13b_1.conda#855b10d858d6c078a28d670cf32baa67
https://conda.anaconda.org/conda-forge/win-64/libhwloc-2.12.1-default_h64bd3f2_1002.conda#b0cac6e5b06ca5eeb14b4f7cf908619f
https://conda.anaconda.org/conda-forge/win-64/liblightgbm-4.6.0-cpu_h5d2ca61_6.conda#eee5ae0961f107f3d4757676689533e9
https://conda.anaconda.org/conda-forge/win-64/libxslt-1.1.43-h0fbe4c1_1.conda#46034d9d983edc21e84c0b36f1b4ba61
https://conda.anaconda.org/conda-forge/noarch/markdown-it-py-4.0.0-pyhd8ed1ab_0.conda#5b5203189eb668f042ac2b0826244964
https://conda.anaconda.org/conda-forge/noarch/matplotlib-inline-0.2.1-pyhd8ed1ab_0.conda#00e120ce3e40bad7bfc78861ce3c4a25
https://conda.anaconda.org/conda-forge/noarch/mistune-3.1.4-pyhcf101f3_0.conda#f5a4d548d1d3bdd517260409fc21e205
https://conda.anaconda.org/conda-forge/win-64/openjpeg-2.5.4-h24db6dd_0.conda#5af852046226bb3cb15c7f61c2ac020a
https://conda.anaconda.org/conda-forge/noarch/overrides-7.7.0-pyhd8ed1ab_1.conda#e51f1e4089cad105b6cac64bd8166587
https://conda.anaconda.org/conda-forge/noarch/pip-25.3-pyh8b19718_0.conda#c55515ca43c6444d2572e0f0d93cb6b9
https://conda.anaconda.org/conda-forge/noarch/plotly-6.5.0-pyhd8ed1ab_0.conda#6d4c79b604d50c1140c32164f7eca72a
https://conda.anaconda.org/conda-forge/win-64/preshed-3.0.12-py312hbb81ca0_0.conda#5c2195af353b08221ab99c7f126ac455
https://conda.anaconda.org/conda-forge/noarch/prompt-toolkit-3.0.52-pyha770c72_0.conda#edb16f14d920fb3faf17f5ce582942d6
https://conda.anaconda.org/conda-forge/noarch/proto-plus-1.26.1-pyhd8ed1ab_0.conda#6fcfcf4432cd80d05ee9c6e20830bd36
https://conda.anaconda.org/conda-forge/noarch/psygnal-0.15.0-pyhd8ed1ab_0.conda#ef00b893b0d58072a34915459b2309d6
https://conda.anaconda.org/conda-forge/noarch/pyasn1-modules-0.4.2-pyhd8ed1ab_0.conda#c689b62552f6b63f32f3322e463f3805
https://conda.anaconda.org/conda-forge/noarch/pysocks-1.7.1-pyh09c184e_7.conda#e2fd202833c4a981ce8a65974fe4abd1
https://conda.anaconda.org/conda-forge/noarch/python-dateutil-2.9.0.post0-pyhe01879c_2.conda#5b8d21249ff20967101ffa321cab24e8
https://conda.anaconda.org/conda-forge/noarch/python-gil-3.12.12-hd8ed1ab_1.conda#c20172b4c59fbe288fa50cdc1b693d73
https://conda.anaconda.org/conda-forge/noarch/pyu2f-0.1.5-pyhd8ed1ab_1.conda#644bd4ca9f68ef536b902685d773d697
https://conda.anaconda.org/conda-forge/noarch/referencing-0.37.0-pyhcf101f3_0.conda#870293df500ca7e18bedefa5838a22ab
https://conda.anaconda.org/conda-forge/noarch/rfc3339-validator-0.1.4-pyhd8ed1ab_1.conda#36de09a8d3e5d5e6f4ee63af49e59706
https://conda.anaconda.org/conda-forge/noarch/rfc3987-syntax-1.1.0-pyhe01879c_1.conda#7234f99325263a5af6d4cd195035e8f2
https://conda.anaconda.org/conda-forge/noarch/rsa-4.9.1-pyhd8ed1ab_0.conda#58958bb50f986ac0c46f73b6e290d5fe
https://conda.anaconda.org/conda-forge/noarch/send2trash-1.8.3-pyh5737063_1.conda#e6a4e906051565caf5fdae5b0415b654
https://conda.anaconda.org/conda-forge/noarch/smart_open-7.5.0-pyhcf101f3_0.conda#9d1659c8332e9822e347e115e6bb4d0c
https://conda.anaconda.org/conda-forge/win-64/srsly-2.5.2-py312hbb81ca0_0.conda#f4b27c4d071d4f161d671ee20c634c79
https://conda.anaconda.org/conda-forge/noarch/stack_data-0.6.3-pyhd8ed1ab_1.conda#b1b505328da7a6b246787df4b5a49fbc
https://conda.anaconda.org/conda-forge/noarch/terminado-0.18.1-pyh5737063_0.conda#4abd500577430a942a995fd0d09b76a2
https://conda.anaconda.org/conda-forge/noarch/tinycss2-1.5.0-pyhcf101f3_0.conda#2caf483992d5d92b232451f843bdc8af
https://conda.anaconda.org/conda-forge/noarch/tqdm-4.67.1-pyhd8ed1ab_1.conda#9efbfdc37242619130ea42b1cc4ed861
https://conda.anaconda.org/conda-forge/noarch/typing-extensions-4.15.0-h396c80c_0.conda#edd329d7d3a4ab45dcf905899a7a6115
https://conda.anaconda.org/conda-forge/noarch/typing-inspection-0.4.2-pyhd8ed1ab_0.conda#399701494e731ce73fdd86c185a3d1b4
https://conda.anaconda.org/conda-forge/win-64/xorg-libx11-1.8.12-hf48077a_0.conda#c4f435ac09fd41606bba9f0deb12e412
https://conda.anaconda.org/conda-forge/win-64/yarl-1.22.0-py312h05f76fc_0.conda#d4975947624e265fa594b86ce148a0c1
https://conda.anaconda.org/conda-forge/noarch/_python_abi3_support-1.0-hd8ed1ab_2.conda#aaa2a381ccc56eac91d63b6c1240312f
https://conda.anaconda.org/conda-forge/win-64/aiohttp-3.13.2-py312h927b8db_0.conda#21bb8466e377d3d952a48a95dd52dbad
https://conda.anaconda.org/conda-forge/noarch/annotated-types-0.7.0-pyhd8ed1ab_1.conda#2934f256a8acfe48f6ebb4fce6cde29c
https://conda.anaconda.org/conda-forge/noarch/anyio-4.11.0-pyhcf101f3_0.conda#814472b61da9792fae28156cb9ee54f5
https://conda.anaconda.org/conda-forge/win-64/argon2-cffi-bindings-25.1.0-py312he06e257_2.conda#5dc3781bbc4ddce0bf250a04c1a192c2
https://conda.anaconda.org/conda-forge/noarch/arrow-1.4.0-pyhcf101f3_0.conda#85c4f19f377424eafc4ed7911b291642
https://conda.anaconda.org/conda-forge/win-64/aws-c-auth-0.9.1-h06c2b12_7.conda#800fe3ae781677fc4b5225f51129e00e
https://conda.anaconda.org/conda-forge/win-64/aws-c-mqtt-0.13.3-h9821516_10.conda#c074aef20987db9d2968a5e1242b2515
https://conda.anaconda.org/conda-forge/noarch/beautifulsoup4-4.14.2-pyha770c72_0.conda#749ebebabc2cae99b2e5b3edd04c6ca2
https://conda.anaconda.org/conda-forge/noarch/bleach-with-css-6.3.0-h5f6438b_0.conda#08a03378bc5293c6f97637323802f480
https://conda.anaconda.org/conda-forge/win-64/cryptography-46.0.3-py312h84d000f_0.conda#6c687d12bb89ff376129f524fafe00a8
https://conda.anaconda.org/conda-forge/win-64/fonttools-4.60.1-py312h05f76fc_0.conda#f990cc00e7794101abad11b4f2f7b0c7
https://conda.anaconda.org/conda-forge/noarch/fqdn-1.5.1-pyhd8ed1ab_1.conda#d3549fd50d450b6d9e7dddff25dd2110
https://conda.anaconda.org/conda-forge/win-64/freetype-2.14.1-h57928b3_0.conda#d69c21967f35eb2ce7f1f85d6b6022d3
https://conda.anaconda.org/conda-forge/noarch/ipython-9.7.0-pyhe2676ad_0.conda#a1ac3cd378490356e0299d0ca95809d1
https://conda.anaconda.org/conda-forge/noarch/jsonschema-specifications-2025.9.1-pyhcf101f3_0.conda#439cd0f567d697b20a8f45cb70a1005a
https://conda.anaconda.org/conda-forge/noarch/jupyter_server_terminals-0.5.3-pyhd8ed1ab_1.conda#2d983ff1b82a1ccb6f2e9d8784bdd6bd
https://conda.anaconda.org/conda-forge/win-64/libgoogle-cloud-2.39.0-h19ee442_0.conda#c2c512f98c5c666782779439356a1713
https://conda.anaconda.org/conda-forge/noarch/mdit-py-plugins-0.5.0-pyhd8ed1ab_0.conda#1997a083ef0b4c9331f9191564be275e
https://conda.anaconda.org/conda-forge/noarch/mercantile-1.2.1-pyhd8ed1ab_1.conda#9820756deea38bd213240fd0556d44b8
https://conda.anaconda.org/conda-forge/noarch/nltk-3.9.2-pyhcf101f3_1.conda#0dc14490fe2a7788902dfb9378911837
https://conda.anaconda.org/conda-forge/win-64/pillow-12.0.0-py312h036897e_0.conda#f9183272271a4554fc7b082a3e151b56
https://conda.anaconda.org/conda-forge/win-64/pydantic-core-2.41.5-py312hdabe01f_1.conda#2e338a10e31828590cf031076bb143b6
https://conda.anaconda.org/conda-forge/noarch/rich-14.2.0-pyhcf101f3_0.conda#a247579d8a59931091b16a1e932bbed6
https://conda.anaconda.org/conda-forge/noarch/smart-open-7.5.0-h0f9f196_0.conda#6ef36c6a6ce87cc57cf0094abfa3d35b
https://conda.anaconda.org/conda-forge/win-64/tbb-2022.3.0-hd094cb3_1.conda#17c38aaf14c640b85c4617ccb59c1146
https://conda.anaconda.org/conda-forge/noarch/typer-slim-0.20.0-pyhcf101f3_1.conda#4b02a515f3e882dcfe9cfbf0a1f5cd3a
https://conda.anaconda.org/conda-forge/win-64/xorg-libice-1.1.2-h0e40799_0.conda#105cb93a47df9c548e88048dc9cbdbc9
https://conda.anaconda.org/conda-forge/win-64/xorg-libxext-1.3.6-h0e40799_0.conda#4cd74e74f063fb6900d6eed2e9288112
https://conda.anaconda.org/conda-forge/win-64/zstandard-0.25.0-py312he5662c2_1.conda#e9e25949b682e95535068bae33153ba6
https://conda.anaconda.org/conda-forge/noarch/argon2-cffi-25.1.0-pyhd8ed1ab_0.conda#8ac12aff0860280ee0cff7fa2cf63f3b
https://conda.anaconda.org/conda-forge/win-64/aws-c-s3-0.10.1-he380ad5_2.conda#f50a31a10ee0c342ed17750a208285d8
https://conda.anaconda.org/conda-forge/win-64/fontconfig-2.15.0-h765892d_1.conda#9bb0026a2131b09404c59c4290c697cd
https://conda.anaconda.org/conda-forge/noarch/httpcore-1.0.9-pyh29332c3_0.conda#4f14640d58e2cc0aa0819d9d8ba125bb
https://conda.anaconda.org/conda-forge/noarch/ipywidgets-8.1.8-pyhd8ed1ab_0.conda#d68e3f70d1f068f1b66d94822fdc644e
https://conda.anaconda.org/conda-forge/noarch/isoduration-20.11.0-pyhd8ed1ab_1.conda#0b0154421989637d424ccf0f104be51a
https://conda.anaconda.org/conda-forge/noarch/jsonschema-4.25.1-pyhe01879c_0.conda#341fd940c242cf33e832c0402face56f
https://conda.anaconda.org/conda-forge/win-64/libgoogle-cloud-storage-2.39.0-he04ea4c_0.conda#26198e3dc20bbcbea8dd6fa5ab7ea1e0
https://conda.anaconda.org/conda-forge/win-64/mkl-2025.3.0-hac47afa_454.conda#c83ec81713512467dfe1b496a8292544
https://conda.anaconda.org/conda-forge/noarch/oauthlib-3.3.1-pyhd8ed1ab_0.conda#d4f3f31ee39db3efecb96c0728d4bdbf
https://conda.anaconda.org/conda-forge/noarch/pydantic-2.12.4-pyh3cfb1c2_0.conda#bf6ce72315b6759453d8c90a894e9e4c
https://conda.anaconda.org/conda-forge/noarch/pyopenssl-25.3.0-pyhd8ed1ab_0.conda#ddf01a1d87103a152f725c7aeabffa29
https://conda.anaconda.org/conda-forge/win-64/pyzmq-27.1.0-py312hbb5da91_0.conda#808d263ec97bbd93b41ca01552b5fbd4
https://conda.anaconda.org/conda-forge/noarch/typer-slim-standard-0.20.0-h4daf872_1.conda#37b26aafb15a6687b31a3d8d7a1f04e7
https://conda.anaconda.org/conda-forge/noarch/urllib3-2.5.0-pyhd8ed1ab_0.conda#436c165519e140cb08d246a4472a9d6a
https://conda.anaconda.org/conda-forge/win-64/xorg-libsm-1.2.6-h0e40799_0.conda#570c9a6d9b4909e45d49e9a5daa528de
https://conda.anaconda.org/conda-forge/noarch/altair-5.4.1-pyhd8ed1ab_3.conda#1023b24b9c859bf5d9223a202d7e58b9
https://conda.anaconda.org/conda-forge/noarch/anywidget-0.9.21-pyhd8ed1ab_0.conda#57f60e533706612b69fe7db6980aec67
https://conda.anaconda.org/conda-forge/win-64/aws-crt-cpp-0.35.2-h1a9a3a2_4.conda#832762e4fef8d8719b502a11e7cbb3d8
https://conda.anaconda.org/conda-forge/win-64/cairo-1.18.4-h5782bbf_0.conda#20e32ced54300292aff690a69c5e7b97
https://conda.anaconda.org/conda-forge/noarch/confection-0.1.5-pyhecae5ae_0.conda#cb7c903ea9e763e1e026d8633ae81964
https://conda.anaconda.org/conda-forge/noarch/httpx-0.28.1-pyhd8ed1ab_0.conda#d6989ead454181f4f9bc987d3dc4e285
https://conda.anaconda.org/conda-forge/noarch/ipylab-1.1.0-pyhe01879c_0.conda#c55567d689e2bcb5a0e67e8ec9f4aa5a
https://conda.anaconda.org/conda-forge/noarch/jsonschema-with-format-nongpl-4.25.1-he01879c_0.conda#13e31c573c884962318a738405ca3487
https://conda.anaconda.org/conda-forge/noarch/jupyter_client-8.6.3-pyhd8ed1ab_1.conda#4ebae00eae9705b0c3d6d1018a81d047
https://conda.anaconda.org/conda-forge/win-64/libblas-3.11.0-1_hf2e6a31_mkl.conda#94f4522e5358b8fb4e6f65e5b6874566
https://conda.anaconda.org/conda-forge/noarch/nbformat-5.10.4-pyhd8ed1ab_1.conda#bbe1963f1e47f594070ffe87cdf612ea
https://conda.anaconda.org/conda-forge/noarch/requests-2.32.5-pyhd8ed1ab_0.conda#db0c6b99149880c8ba515cf4abe93ee4
https://conda.anaconda.org/conda-forge/noarch/typer-0.20.0-pyhefaf540_1.conda#23a53fdefc45ba3f4e075cc0997fd13b
https://conda.anaconda.org/conda-forge/win-64/xorg-libxt-1.3.1-h0e40799_0.conda#31baf0ce8ef19f5617be73aee0527618
https://conda.anaconda.org/conda-forge/noarch/altair_tiles-0.4.0-pyhd8ed1ab_0.conda#591c8aed9f840a2a17202f2b9f93329b
https://conda.anaconda.org/conda-forge/win-64/aws-sdk-cpp-1.11.606-h6446450_7.conda#d86a310ea5d7f2f6030bd7e15527b670
https://conda.anaconda.org/conda-forge/noarch/google-auth-2.41.1-pyhd8ed1ab_0.conda#96e470abcfdf28546bc7b4e9788cf71d
https://conda.anaconda.org/conda-forge/win-64/harfbuzz-12.2.0-h5f2951f_0.conda#e798ef748fc564e42f381d3d276850f0
https://conda.anaconda.org/conda-forge/noarch/ipykernel-7.1.0-pyh6dadd2b_0.conda#f22cb16c5ad68fd33d0f65c8739b6a06
https://conda.anaconda.org/conda-forge/noarch/jupyter_events-0.12.0-pyh29332c3_0.conda#f56000b36f09ab7533877e695e4e8cb0
https://conda.anaconda.org/conda-forge/noarch/jupytext-1.18.1-pyh80e38bb_0.conda#3c85f79f1debe2d2c82ac08f1c1126e1
https://conda.anaconda.org/conda-forge/win-64/libcblas-3.11.0-1_h2a3cdd5_mkl.conda#4902195c3faaf243e754b83701ec0456
https://conda.anaconda.org/conda-forge/win-64/liblapack-3.11.0-1_hf9ab0e9_mkl.conda#add9b463654bd4a48e0a1b7855a09963
https://conda.anaconda.org/conda-forge/noarch/nbclient-0.10.2-pyhd8ed1ab_0.conda#6bb0d77277061742744176ab555b723c
https://conda.anaconda.org/conda-forge/noarch/python-on-whales-0.79.0-pyh332efcf_0.conda#cdc535af740dcd2c3b7ef09638c6d5ff
https://conda.anaconda.org/conda-forge/noarch/requests-oauthlib-2.0.0-pyhd8ed1ab_1.conda#a283b764d8b155f81e904675ef5e1f4b
https://repo.anaconda.com/pkgs/main/noarch/sphinx-3.5.3-pyhd3eb1b0_0.conda#86bbf39e6a87d7d14c86df0c05886123
https://conda.anaconda.org/conda-forge/noarch/weasel-0.4.3-pyhd8ed1ab_0.conda#86102837379dce9cbe670da42e60d4b2
https://conda.anaconda.org/conda-forge/win-64/xorg-libxpm-3.5.17-h0e40799_1.conda#e8b816fb37bc61aa3f1c08034331ef53
https://conda.anaconda.org/conda-forge/noarch/fica-0.4.1-pyhd8ed1ab_1.conda#273ef05a41cfcf1265c83bb2bfb5156b
https://conda.anaconda.org/conda-forge/noarch/google-api-core-2.28.1-pyhd8ed1ab_0.conda#4f543962961d34db6b5c72ebe827caf7
https://conda.anaconda.org/conda-forge/noarch/google-auth-httplib2-0.2.1-pyhd8ed1ab_0.conda#adbe485b64ac928f95d4029c0b4f032d
https://conda.anaconda.org/conda-forge/noarch/google-auth-oauthlib-1.2.3-pyhd8ed1ab_1.conda#629723700449223b8348e493a1336d7e
https://conda.anaconda.org/conda-forge/win-64/libarrow-22.0.0-h117da51_4_cpu.conda#f84b0ac3486f3949104ac3f343634877
https://conda.anaconda.org/conda-forge/win-64/libgd-2.3.3-h7208af6_11.conda#2070a706123b2d5e060b226a00e96488
https://conda.anaconda.org/conda-forge/noarch/nbconvert-core-7.16.6-pyhcf101f3_1.conda#cfc86ccc3b1de35d36ccaae4c50391f5
https://conda.anaconda.org/conda-forge/win-64/numpy-1.26.4-py312h8753938_0.conda#f9ac74c3b07c396014434aca1e58d362
https://conda.anaconda.org/conda-forge/win-64/pango-1.56.4-h03d888a_0.conda#452d6d3b409edead3bd90fc6317cd6d4
https://conda.anaconda.org/conda-forge/win-64/qt6-main-6.9.3-ha0de62e_1.conda#ca2bfad3a24794a0f7cf413b03906ade
https://conda.anaconda.org/conda-forge/win-64/contourpy-1.3.3-py312hf90b1b7_3.conda#9dabe26ca46b845b669408109975b922
https://conda.anaconda.org/conda-forge/win-64/cython-blis-1.3.3-py312h196c9fc_0.conda#847e2e419277e6d3ab1eed7b8e91e09d
https://conda.anaconda.org/conda-forge/noarch/google-api-python-client-2.187.0-pyh332efcf_0.conda#88ac4a55841541d5517d9a1eb468239c
https://conda.anaconda.org/conda-forge/win-64/graphviz-14.0.4-ha5e8f4b_0.conda#ce804dbb79dfbd405bc2145d547e6873
https://conda.anaconda.org/conda-forge/noarch/jupyter_server-2.17.0-pyhcf101f3_0.conda#d79a87dcfa726bcea8e61275feed6f83
https://conda.anaconda.org/conda-forge/win-64/libarrow-compute-22.0.0-h2db994a_4_cpu.conda#8b416d4245113c42f37f024d75598efe
https://conda.anaconda.org/conda-forge/win-64/libparquet-22.0.0-h7051d1f_4_cpu.conda#6fab9241407392bbbab0a2c6dc80e688
https://conda.anaconda.org/conda-forge/win-64/numba-0.62.1-py312h9a042f1_0.conda#2ac21fc968d41f526c39f0d48bcfb142
https://conda.anaconda.org/conda-forge/win-64/pandas-2.3.3-py312hc128f0a_1.conda#834e92822c8057d3fd682aaf762ea1fa
https://conda.anaconda.org/conda-forge/win-64/pyside6-6.9.3-py312h0c8bdd4_1.conda#6c8fd5667fe7e5717c7acbc6d7417a56
https://conda.anaconda.org/conda-forge/win-64/scipy-1.16.3-py312hd0164fe_1.conda#a586f151952f8157e00365a564d08914
https://conda.anaconda.org/conda-forge/noarch/jupyter-lsp-2.3.0-pyhcf101f3_0.conda#62b7c96c6cd77f8173cc5cada6a9acaa
https://conda.anaconda.org/conda-forge/noarch/jupyterlab_server-2.28.0-pyhcf101f3_0.conda#a63877cb23de826b1620d3adfccc4014
https://conda.anaconda.org/conda-forge/win-64/libarrow-acero-22.0.0-h7d8d6a5_4_cpu.conda#c8ea0681d0dcf1e1a0722ea3c916bca1
https://conda.anaconda.org/conda-forge/noarch/lightgbm-4.6.0-cpu_py_6.conda#4a80005966212a5cd8ce200c89d05c50
https://conda.anaconda.org/conda-forge/win-64/matplotlib-base-3.10.8-py312h0ebf65c_0.conda#46f73e68304eb61df083379b044e9eb9
https://conda.anaconda.org/conda-forge/noarch/notebook-shim-0.2.4-pyhd8ed1ab_1.conda#e7f89ea5f7ea9401642758ff50a2d9c1
https://conda.anaconda.org/conda-forge/noarch/otter-grader-base-6.1.6-pyhcf101f3_2.conda#140f3e28335b71d1b421e5885141d7aa
https://conda.anaconda.org/conda-forge/win-64/pyarrow-core-22.0.0-py312h85419b5_0_cpu.conda#18679999d9e40f043228de1e00847136
https://conda.anaconda.org/conda-forge/noarch/python-graphviz-0.21-pyhbacfb6d_0.conda#606d94da4566aa177df7615d68b29176
https://conda.anaconda.org/conda-forge/win-64/scikit-learn-1.7.2-py312h91ac024_0.conda#640f74b19cfe413de754391df630a15a
https://conda.anaconda.org/conda-forge/win-64/thinc-8.3.10-py312h9b46583_0.conda#081a7f0575a0b54a288a98b859636186
https://conda.anaconda.org/conda-forge/noarch/vega_datasets-0.9.0-pyhd8ed1ab_1.conda#a2208a412fdfefbd36e9c740da9a3f3b
https://conda.anaconda.org/conda-forge/win-64/catboost-1.2.7-py312h5eb20be_1.conda#ecbfc101e707c29ddffc675843615d04
https://conda.anaconda.org/conda-forge/noarch/eli5-0.16.0-pyh29332c3_0.conda#6d92c0f5c9fb6a31629a66a7b05a764c
https://conda.anaconda.org/conda-forge/noarch/imbalanced-learn-0.14.0-pyhd8ed1ab_0.conda#d8f8ad40c9942ac5a640585ece40c15c
https://conda.anaconda.org/conda-forge/noarch/jupyterlab-4.5.0-pyhd8ed1ab_0.conda#e6dc3d6bf1591f0ebe8e77959e950660
https://conda.anaconda.org/conda-forge/win-64/libarrow-dataset-22.0.0-h7d8d6a5_4_cpu.conda#cfec90bf4005cdfa5a47170b15174c25
https://conda.anaconda.org/conda-forge/win-64/matplotlib-3.10.8-py312h2e8e312_0.conda#f0302a2f16e674cf326cca5dc9cc47ee
https://conda.anaconda.org/conda-forge/noarch/otter-grader-6.1.6-pyh7f80d73_2.conda#570b42df26e3927baa904768a6612121
https://conda.anaconda.org/conda-forge/noarch/py-xgboost-3.1.1-cpu_pyh35227d3_0.conda#6eb3e87935d43f635c12afebee264a7f
https://conda.anaconda.org/conda-forge/win-64/shap-0.48.0-cpu_py312h923d338_1.conda#5cc902931755d0516a7efd93d81e0e66
https://conda.anaconda.org/conda-forge/win-64/spacy-3.8.11-py312he3e9d37_0.conda#54594cabaabfc3faadbd3c42cb201f00
https://conda.anaconda.org/conda-forge/win-64/libarrow-substrait-22.0.0-hf865cc0_4_cpu.conda#6c44b4c5d10c20d08059350e4be2a2c3
https://conda.anaconda.org/conda-forge/noarch/notebook-7.5.0-pyhcf101f3_0.conda#3cf7402eb77b6434e830b6863a0e6118
https://conda.anaconda.org/conda-forge/noarch/xgboost-3.1.1-cpu_pyhb39878e_0.conda#c0d5da3c627340955226b7e4aa6fab3c
https://conda.anaconda.org/conda-forge/noarch/nb_conda_kernels-2.5.1-pyh7428d3b_2.conda#98cde27e2a499d1948e95eb1f1e569f3
https://conda.anaconda.org/conda-forge/win-64/pyarrow-22.0.0-py312h2e8e312_0.conda#1e2ead2c5717977fb85b9c6809b0896e
https://conda.anaconda.org/conda-forge/noarch/vegafusion-1.6.9-pyhd8ed1ab_0.conda#6aa7e1d32c66d32b86800e61601ba5c6
https://conda.anaconda.org/conda-forge/noarch/altair-all-5.4.1-pyhd8ed1ab_3.conda#acf4dd481bfb1b9fdceff37dcd4243e5
