# Generated by conda-lock.
# platform: osx-arm64
# input_hash: 4356676c86b29237c3d64cae0539ea11b07eb9a3ab6331c62cda04b63cf37ef9
@EXPLICIT
https://conda.anaconda.org/conda-forge/noarch/font-ttf-dejavu-sans-mono-2.37-hab24e00_0.tar.bz2#0c96522c6bdaed4b1566d11387caaf45
https://conda.anaconda.org/conda-forge/noarch/font-ttf-inconsolata-3.000-h77eed37_0.tar.bz2#34893075a5c9e55cdafac56607368fc6
https://conda.anaconda.org/conda-forge/noarch/font-ttf-source-code-pro-2.038-h77eed37_0.tar.bz2#4d59c254e01d9cde7957100457e2d5fb
https://conda.anaconda.org/conda-forge/noarch/font-ttf-ubuntu-0.83-h77eed37_3.conda#49023d73832ef61042f6a237cb2687e7
https://conda.anaconda.org/conda-forge/osx-arm64/hicolor-icon-theme-0.17-hce30654_2.tar.bz2#237b05b7eb284d7eebc3c5d93f5e4bca
https://conda.anaconda.org/conda-forge/osx-arm64/libev-4.33-h93a5062_2.conda#36d33e440c31857372a72137f78bacf5
https://conda.anaconda.org/conda-forge/osx-arm64/libopentelemetry-cpp-headers-1.21.0-hce30654_1.conda#c7df4b2d612208f3a27486c113b6aefc
https://conda.anaconda.org/conda-forge/osx-arm64/nlohmann_json-3.12.0-h248ca61_1.conda#3ba9d0c21af2150cb92b2ab8bdad3090
https://conda.anaconda.org/conda-forge/noarch/python_abi-3.12-8_cp312.conda#c3efd25ac4d74b1584d2f7a57195ddf1
https://conda.anaconda.org/conda-forge/noarch/tzdata-2025b-h78e105d_0.conda#4222072737ccff51314b5ece9c7d6f5a
https://conda.anaconda.org/conda-forge/osx-arm64/aws-c-common-0.12.5-hc919400_1.conda#7338b3d3f6308f375c94370728df10fc
https://conda.anaconda.org/conda-forge/osx-arm64/bzip2-1.0.8-hd037594_8.conda#58fd217444c2a5701a44244faf518206
https://conda.anaconda.org/conda-forge/osx-arm64/c-ares-1.34.5-h5505292_0.conda#f8cd1beb98240c7edb1a95883360ccfa
https://conda.anaconda.org/conda-forge/noarch/ca-certificates-2025.11.12-hbd8a1cb_0.conda#f0991f0f84902f6b6009b4d2350a83aa
https://conda.anaconda.org/conda-forge/osx-arm64/epoxy-1.5.10-hc919400_2.conda#3b87dabebe54c6d66a07b97b53ac5874
https://conda.anaconda.org/conda-forge/noarch/fonts-conda-forge-1-hc364b38_1.conda#a7970cd949a077b7cb9696379d338681
https://conda.anaconda.org/conda-forge/osx-arm64/fribidi-1.0.16-hc919400_0.conda#04bdce8d93a4ed181d1d726163c2d447
https://conda.anaconda.org/conda-forge/osx-arm64/icu-75.1-hfee45f7_0.conda#5eb22c1d7b3fc4abb50d92d621583137
https://conda.anaconda.org/conda-forge/osx-arm64/libbrotlicommon-1.2.0-h87ba0bc_0.conda#07d43b5e2b6f4a73caed8238b60fabf5
https://conda.anaconda.org/conda-forge/osx-arm64/libcxx-21.1.6-hf598326_0.conda#3ea79e55a64bff6c3cbd4588c89a527a
https://conda.anaconda.org/conda-forge/osx-arm64/libdeflate-1.25-hc11a715_0.conda#a6130c709305cd9828b4e1bd9ba0000c
https://conda.anaconda.org/conda-forge/osx-arm64/libexpat-2.7.3-haf25636_0.conda#b79875dbb5b1db9a4a22a4520f918e1a
https://conda.anaconda.org/conda-forge/osx-arm64/libffi-3.5.2-he5f378a_0.conda#411ff7cd5d1472bba0f55c0faf04453b
https://conda.anaconda.org/conda-forge/osx-arm64/libiconv-1.18-h23cfdf5_2.conda#4d5a7445f0b25b6a3ddbb56e790f5251
https://conda.anaconda.org/conda-forge/osx-arm64/libjpeg-turbo-3.1.2-hc919400_0.conda#f0695fbecf1006f27f4395d64bd0c4b8
https://conda.anaconda.org/conda-forge/osx-arm64/liblzma-5.8.1-h39f12f2_2.conda#d6df911d4564d77c4374b02552cb17d1
https://conda.anaconda.org/conda-forge/osx-arm64/libsodium-1.0.20-h99b78c6_0.conda#a7ce36e284c5faaf93c220dfc39e3abd
https://conda.anaconda.org/conda-forge/osx-arm64/libutf8proc-2.11.1-hd2415e0_0.conda#5af2b7345372c4bb27fc95c4e2472a46
https://conda.anaconda.org/conda-forge/osx-arm64/libwebp-base-1.6.0-h07db88b_0.conda#e5e7d467f80da752be17796b87fe6385
https://conda.anaconda.org/conda-forge/osx-arm64/libzlib-1.3.1-h8359307_2.conda#369964e85dc26bfe78f41399b366c435
https://conda.anaconda.org/conda-forge/osx-arm64/llvm-openmp-21.1.6-h4a912ad_0.conda#4a274d80967416bce3c7d89bf43923ec
https://conda.anaconda.org/conda-forge/osx-arm64/ncurses-6.5-h5e97a16_3.conda#068d497125e4bf8a66bf707254fff5ae
https://conda.anaconda.org/conda-forge/osx-arm64/pthread-stubs-0.4-hd74edd7_1002.conda#415816daf82e0b23a736a069a75e9da7
https://conda.anaconda.org/conda-forge/osx-arm64/xorg-libxau-1.0.12-hc919400_1.conda#78b548eed8227a689f93775d5d23ae09
https://conda.anaconda.org/conda-forge/osx-arm64/xorg-libxdmcp-1.1.5-hc919400_1.conda#9d1299ace1924aa8f4e0bc8e71dd0cf7
https://conda.anaconda.org/conda-forge/osx-arm64/yaml-0.2.5-h925e9cb_3.conda#78a0fe9e9c50d2c381e8ee47e3ea437d
https://conda.anaconda.org/conda-forge/osx-arm64/aws-c-cal-0.9.10-hca30140_1.conda#4fc87188540710b79f4e4837968aff6c
https://conda.anaconda.org/conda-forge/osx-arm64/aws-c-compression-0.3.1-h61d5560_8.conda#ea7a505949c1bf4a51b2cccc89f8120d
https://conda.anaconda.org/conda-forge/osx-arm64/aws-c-sdkutils-0.2.4-h61d5560_3.conda#2781d442c010c31abcad68703ebbc205
https://conda.anaconda.org/conda-forge/osx-arm64/aws-checksums-0.2.7-h61d5560_4.conda#4fca5f39d47042f0cb0542e0c1420875
https://conda.anaconda.org/conda-forge/noarch/fonts-conda-ecosystem-1-0.tar.bz2#fee5683a3f04bd15cbd8318b096a27ab
https://conda.anaconda.org/conda-forge/osx-arm64/gflags-2.2.2-hf9b8971_1005.conda#57a511a5905caa37540eb914dfcbf1fb
https://conda.anaconda.org/conda-forge/osx-arm64/graphite2-1.3.14-hec049ff_2.conda#0fc46fee39e88bbcf5835f71a9d9a209
https://conda.anaconda.org/conda-forge/osx-arm64/lerc-4.0.0-hd64df32_1.conda#a74332d9b60b62905e3d30709df08bf1
https://conda.anaconda.org/conda-forge/osx-arm64/libabseil-20250512.1-cxx17_hd41c47c_0.conda#360dbb413ee2c170a0a684a33c4fc6b8
https://conda.anaconda.org/conda-forge/osx-arm64/libbrotlidec-1.2.0-h95a88de_0.conda#39d47dac85038e73b5f199f2b594a547
https://conda.anaconda.org/conda-forge/osx-arm64/libbrotlienc-1.2.0-hb1b9735_0.conda#4e3fec2238527187566e26a5ddbc2f83
https://conda.anaconda.org/conda-forge/osx-arm64/libcrc32c-1.1.2-hbdafb3b_0.tar.bz2#32bd82a6a625ea6ce090a81c3d34edeb
https://conda.anaconda.org/conda-forge/osx-arm64/libedit-3.1.20250104-pl5321hafb1f1b_0.conda#44083d2d2c2025afca315c7a172eab2b
https://conda.anaconda.org/conda-forge/osx-arm64/libgfortran5-15.2.0-h742603c_1.conda#afccf412b03ce2f309f875ff88419173
https://conda.anaconda.org/conda-forge/osx-arm64/libintl-0.25.1-h493aca8_0.conda#5103f6a6b210a3912faf8d7db516918c
https://conda.anaconda.org/conda-forge/osx-arm64/libpng-1.6.50-h280e0eb_1.conda#4d0f5ce02033286551a32208a5519884
https://conda.anaconda.org/conda-forge/osx-arm64/libsqlite-3.51.0-h8adb53f_0.conda#5fb1945dbc6380e6fe7e939a62267772
https://conda.anaconda.org/conda-forge/osx-arm64/libxcb-1.17.0-hdb1d25a_0.conda#af523aae2eca6dfa1c8eec693f5b9a79
https://conda.anaconda.org/conda-forge/osx-arm64/libxgboost-3.1.1-cpu_h64a644d_0.conda#2da9e8255deff71ea514c0894d6ed0ab
https://conda.anaconda.org/conda-forge/osx-arm64/libxml2-16-2.15.1-h0ff4647_0.conda#438c97d1e9648dd7342f86049dd44638
https://conda.anaconda.org/conda-forge/osx-arm64/lz4-c-1.10.0-h286801f_1.conda#01511afc6cc1909c5303cf31be17b44f
https://conda.anaconda.org/conda-forge/osx-arm64/opencl-headers-2025.06.13-h286801f_0.conda#f4d4d97714ae85265e4299b8e56ca6eb
https://conda.anaconda.org/conda-forge/osx-arm64/openssl-3.6.0-h5503f6c_0.conda#b34dc4172653c13dcf453862f251af2b
https://conda.anaconda.org/conda-forge/osx-arm64/pcre2-10.46-h7125dd6_0.conda#0e6e82c3cc3835f4692022e9b9cd5df8
https://conda.anaconda.org/conda-forge/osx-arm64/pixman-0.46.4-h81086ad_1.conda#17c3d745db6ea72ae2fce17e7338547f
https://conda.anaconda.org/conda-forge/osx-arm64/qhull-2020.2-h420ef59_5.conda#6483b1f59526e05d7d894e466b5b6924
https://conda.anaconda.org/conda-forge/osx-arm64/readline-8.2-h1d1bf99_2.conda#63ef3f6e6d6d5c589e64f11263dc5676
https://conda.anaconda.org/conda-forge/osx-arm64/snappy-1.2.2-hada39a4_1.conda#fca4a2222994acd7f691e57f94b750c5
https://conda.anaconda.org/conda-forge/osx-arm64/tk-8.6.13-h892fb3f_3.conda#a73d54a5abba6543cb2f0af1bfbd6851
https://conda.anaconda.org/conda-forge/osx-arm64/zlib-1.3.1-h8359307_2.conda#e3170d898ca6cb48f1bb567afb92f775
https://conda.anaconda.org/conda-forge/osx-arm64/zlib-ng-2.2.5-h3470cca_0.conda#c86493f35e79c93b04ff0279092b53e2
https://conda.anaconda.org/conda-forge/osx-arm64/zstd-1.5.7-h6491c7d_2.conda#e6f69c7bcccdefa417f056fa593b40f0
https://conda.anaconda.org/conda-forge/osx-arm64/aws-c-io-0.23.3-h9710c81_3.conda#7082548c604681cc9bafafab7fb5d3c1
https://conda.anaconda.org/conda-forge/osx-arm64/brotli-bin-1.2.0-hce9b42c_0.conda#2695046c2e5875fee19438aa752924a5
https://conda.anaconda.org/conda-forge/osx-arm64/glog-0.7.1-heb240a5_0.conda#fef68d0a95aa5b84b5c1a4f6f3bf40e1
https://conda.anaconda.org/conda-forge/osx-arm64/khronos-opencl-icd-loader-2024.10.24-h5505292_1.conda#fb5a6baf5df9abc027955a408c61ac74
https://conda.anaconda.org/conda-forge/osx-arm64/krb5-1.21.3-h237132a_0.conda#c6dc8a0fdec13a0565936655c33069a1
https://conda.anaconda.org/conda-forge/osx-arm64/libboost-1.88.0-h18cd856_6.conda#605e24dba1de926ae54fc01ab557dfa8
https://conda.anaconda.org/conda-forge/osx-arm64/libevent-2.1.12-h2757513_1.conda#1a109764bff3bdc7bdd84088347d71dc
https://conda.anaconda.org/conda-forge/osx-arm64/libfreetype6-2.14.1-h6da58f4_0.conda#6d4ede03e2a8e20eb51f7f681d2a2550
https://conda.anaconda.org/conda-forge/osx-arm64/libgfortran-15.2.0-hfcf01ff_1.conda#f699348e3f4f924728e33551b1920f79
https://conda.anaconda.org/conda-forge/osx-arm64/libglib-2.86.1-he69a767_2.conda#6d6f8c7d3a52e2c193fb2f9ba2e0ef0b
https://conda.anaconda.org/conda-forge/osx-arm64/libnghttp2-1.67.0-hc438710_0.conda#a4b4dd73c67df470d091312ab87bf6ae
https://conda.anaconda.org/conda-forge/osx-arm64/libprotobuf-6.31.1-h658db43_2.conda#155d3d17eaaf49ddddfe6c73842bc671
https://conda.anaconda.org/conda-forge/osx-arm64/libre2-11-2025.11.05-h91c62da_0.conda#060f099756e6baf2ed51b9065e44eda8
https://conda.anaconda.org/conda-forge/osx-arm64/libssh2-1.11.1-h1590b86_0.conda#b68e8f66b94b44aaa8de4583d3d4cc40
https://conda.anaconda.org/conda-forge/osx-arm64/libtiff-4.7.1-h4030677_1.conda#e2a72ab2fa54ecb6abab2b26cde93500
https://conda.anaconda.org/conda-forge/osx-arm64/libxml2-2.15.1-h9329255_0.conda#fb5ce61da27ee937751162f86beba6d1
https://conda.anaconda.org/conda-forge/osx-arm64/python-3.12.12-h18782d2_1_cpython.conda#0322f2ddca2cafbf34ef3ddbea100f73
https://conda.anaconda.org/conda-forge/noarch/aiohappyeyeballs-2.6.1-pyhd8ed1ab_0.conda#18fd895e0e775622906cdabfc3cf0fb4
https://conda.anaconda.org/conda-forge/noarch/alabaster-0.7.16-pyhd8ed1ab_0.conda#def531a3ac77b7fb8c21d17bb5d0badb
https://conda.anaconda.org/conda-forge/noarch/appnope-0.1.4-pyhd8ed1ab_1.conda#54898d0f524c9dee622d44bbb081a8ab
https://conda.anaconda.org/conda-forge/noarch/asttokens-3.0.1-pyhd8ed1ab_0.conda#9673a61a297b00016442e022d689faa6
https://conda.anaconda.org/conda-forge/osx-arm64/atk-1.0-2.38.0-hd03087b_2.conda#57301986d02d30d6805fdce6c99074ee
https://conda.anaconda.org/conda-forge/noarch/attrs-25.4.0-pyh71513ae_0.conda#c7944d55af26b6d2d7629e27e9a972c1
https://conda.anaconda.org/conda-forge/osx-arm64/aws-c-event-stream-0.5.6-h18584fc_6.conda#217309e051c2e6cbf035b5d203154d61
https://conda.anaconda.org/conda-forge/osx-arm64/aws-c-http-0.10.7-hcd69b29_4.conda#9f62f3d038641e5aaebe15e3aa0a81d2
https://conda.anaconda.org/conda-forge/noarch/blinker-1.9.0-pyhff2d567_0.conda#42834439227a4551b939beeeb8a4b085
https://conda.anaconda.org/conda-forge/osx-arm64/brotli-1.2.0-hca488c2_0.conda#3673e631cdf1fa81c9f5cc3da763a07e
https://conda.anaconda.org/conda-forge/osx-arm64/brotli-python-1.2.0-py312hcae0c51_0.conda#17e32d91d89e91631f97c217f192483b
https://conda.anaconda.org/conda-forge/noarch/cached_property-1.5.2-pyha770c72_1.tar.bz2#576d629e47797577ab0f1b351297ef4a
https://conda.anaconda.org/conda-forge/noarch/cachetools-6.2.2-pyhd8ed1ab_0.conda#9c265afcec13eb6e844ae51b4a4b52ad
https://conda.anaconda.org/conda-forge/osx-arm64/catalogue-2.0.10-py312h81bd7bf_2.conda#756603052946f91a57649c05fa4692c8
https://conda.anaconda.org/conda-forge/noarch/certifi-2025.11.12-pyhd8ed1ab_0.conda#96a02a5c1a65470a7e4eedb644c872fd
https://conda.anaconda.org/conda-forge/noarch/charset-normalizer-3.4.4-pyhd8ed1ab_0.conda#a22d1fd9bf98827e280a02875d9a007a
https://conda.anaconda.org/conda-forge/noarch/click-8.3.1-pyh707e725_0.conda#9ba00b39e03a0afb2b1cc0767d4c6175
https://conda.anaconda.org/conda-forge/noarch/cloudpickle-3.1.2-pyhd8ed1ab_0.conda#fcac5929097ba1f2a0e5b6ecaa13b253
https://conda.anaconda.org/conda-forge/noarch/colorama-0.4.6-pyhd8ed1ab_1.conda#962b9857ee8e7018c22f2776ffa0b2d7
https://conda.anaconda.org/conda-forge/noarch/comm-0.2.3-pyhe01879c_0.conda#2da13f2b299d8e1995bafbbe9689a2f7
https://conda.anaconda.org/conda-forge/noarch/cpython-3.12.12-py312hd8ed1ab_1.conda#99d689ccc1a360639eec979fd7805be9
https://conda.anaconda.org/conda-forge/noarch/cycler-0.12.1-pyhd8ed1ab_1.conda#44600c4667a319d67dbe0681fc0bc833
https://conda.anaconda.org/conda-forge/osx-arm64/cymem-2.0.13-py312h455b684_0.conda#65186dceffe7cb0eb3de8caa3a53e979
https://conda.anaconda.org/conda-forge/osx-arm64/debugpy-1.8.17-py312h56d30c9_0.conda#474409589d1e7dc64692837012d752a9
https://conda.anaconda.org/conda-forge/noarch/decorator-5.2.1-pyhd8ed1ab_0.conda#9ce473d1d1be1cc3810856a48b3fab32
https://conda.anaconda.org/conda-forge/noarch/defusedxml-0.7.1-pyhd8ed1ab_0.tar.bz2#961b3a227b437d82ad7054484cfa71b2
https://conda.anaconda.org/conda-forge/noarch/dill-0.4.0-pyhd8ed1ab_0.conda#885745570573eb6a08e021841928297a
https://conda.anaconda.org/conda-forge/noarch/docutils-0.22.3-pyhd8ed1ab_0.conda#abbe8c85619c87c4f4f61b44173434af
https://conda.anaconda.org/conda-forge/noarch/executing-2.2.1-pyhd8ed1ab_0.conda#ff9efb7f7469aed3c4a8106ffa29593c
https://conda.anaconda.org/conda-forge/osx-arm64/frozenlist-1.7.0-py312h512c567_0.conda#9f016ae66f8ef7195561dbf7ce0e5944
https://conda.anaconda.org/conda-forge/osx-arm64/gdk-pixbuf-2.44.4-h7542897_0.conda#0b349c0400357e701cf2fa69371e5d39
https://conda.anaconda.org/conda-forge/osx-arm64/glib-tools-2.86.1-hb9d6e3a_2.conda#fa094eb162909927c6d5d480485c012c
https://conda.anaconda.org/conda-forge/osx-arm64/gts-0.7.6-he42f4ea_4.conda#21b4dd3098f63a74cf2aa9159cbef57d
https://conda.anaconda.org/conda-forge/noarch/hpack-4.1.0-pyhd8ed1ab_0.conda#0a802cb9888dd14eeefc611f05c40b6e
https://conda.anaconda.org/conda-forge/noarch/hyperframe-6.1.0-pyhd8ed1ab_0.conda#8e6923fc12f1fe8f8c4e5c9f343256ac
https://conda.anaconda.org/conda-forge/noarch/idna-3.11-pyhd8ed1ab_0.conda#53abe63df7e10a6ba605dc5f9f961d36
https://conda.anaconda.org/conda-forge/noarch/imagesize-1.4.1-pyhd8ed1ab_0.tar.bz2#7de5386c8fea29e76b303f37dde4c352
https://conda.anaconda.org/conda-forge/noarch/json5-0.12.1-pyhd8ed1ab_0.conda#0fc93f473c31a2f85c0bde213e7c63ca
https://conda.anaconda.org/conda-forge/osx-arm64/jsonpointer-3.0.0-py312h81bd7bf_2.conda#bfd72094f8390de02e426ac61fb7b8ee
https://conda.anaconda.org/conda-forge/noarch/jupyterlab_widgets-3.0.16-pyhcf101f3_1.conda#dbf8b81974504fa51d34e436ca7ef389
https://conda.anaconda.org/conda-forge/osx-arm64/kiwisolver-1.4.9-py312hd8c8125_2.conda#ddf4775023a2466ee308792ed80ca408
https://conda.anaconda.org/conda-forge/noarch/lark-1.3.1-pyhd8ed1ab_0.conda#9b965c999135d43a3d0f7bd7d024e26a
https://conda.anaconda.org/conda-forge/osx-arm64/lcms2-2.17-h7eeda09_0.conda#92a61fd30b19ebd5c1621a5bfe6d8b5f
https://conda.anaconda.org/conda-forge/osx-arm64/libcurl-8.17.0-hdece5d2_0.conda#791003efe92c17ed5949b309c61a5ab1
https://conda.anaconda.org/conda-forge/osx-arm64/libfreetype-2.14.1-hce30654_0.conda#f35fb38e89e2776994131fbf961fa44b
https://conda.anaconda.org/conda-forge/osx-arm64/liblightgbm-4.6.0-cpu_h7c95766_6.conda#4e52b7221f89b58c6e1e9d79b5c964c0
https://conda.anaconda.org/conda-forge/osx-arm64/libopenblas-0.3.30-openmp_ha158390_3.conda#a18a7f471c517062ee71b843ef95eb8a
https://conda.anaconda.org/conda-forge/osx-arm64/libthrift-0.22.0-h14a376c_1.conda#3161023bb2f8c152e4c9aa59bdd40975
https://conda.anaconda.org/conda-forge/osx-arm64/llvmlite-0.45.1-py312hc82e5dd_0.conda#7ed153df80cacc4cafb05a8472507221
https://conda.anaconda.org/conda-forge/osx-arm64/markupsafe-3.0.3-py312h5748b74_0.conda#82221456841d3014a175199e4792465b
https://conda.anaconda.org/conda-forge/noarch/mdurl-0.1.2-pyhd8ed1ab_1.conda#592132998493b3ff25fd7479396e8351
https://conda.anaconda.org/conda-forge/osx-arm64/multidict-6.6.3-py312hdb8e49c_0.conda#f6a2a3d93dec1aa42159639bb727c320
https://conda.anaconda.org/conda-forge/noarch/munkres-1.1.4-pyhd8ed1ab_1.conda#37293a85a0f4f77bbd9cf7aaefc62609
https://conda.anaconda.org/conda-forge/osx-arm64/murmurhash-1.0.14-py312h56d30c9_0.conda#3c5bd176d305c4fdcb58a0474779ee33
https://conda.anaconda.org/conda-forge/noarch/narwhals-2.12.0-pyhcf101f3_0.conda#02cab382663872083b7e8675f09d9c21
https://conda.anaconda.org/conda-forge/noarch/nest-asyncio-1.6.0-pyhd8ed1ab_1.conda#598fd7d4d0de2455fb74f56063969a97
https://conda.anaconda.org/conda-forge/osx-arm64/openjpeg-2.5.4-hbfb3c88_0.conda#6bf3d24692c157a41c01ce0bd17daeea
https://conda.anaconda.org/conda-forge/osx-arm64/orc-2.2.1-h4fd0076_0.conda#b5dea50c77ab3cc18df48bdc9994ac44
https://conda.anaconda.org/conda-forge/noarch/packaging-25.0-pyh29332c3_1.conda#58335b26c38bf4a20f399384c33cbcf9
https://conda.anaconda.org/conda-forge/noarch/pandocfilters-1.5.0-pyhd8ed1ab_0.tar.bz2#457c2c8c08e54905d6954e79cb5b5db9
https://conda.anaconda.org/conda-forge/noarch/parso-0.8.5-pyhcf101f3_0.conda#a110716cdb11cf51482ff4000dc253d7
https://conda.anaconda.org/conda-forge/noarch/platformdirs-4.5.0-pyhcf101f3_0.conda#5c7a868f8241e64e1cf5fdf4962f23e2
https://conda.anaconda.org/conda-forge/noarch/prometheus_client-0.23.1-pyhd8ed1ab_0.conda#a1e91db2d17fd258c64921cb38e6745a
https://conda.anaconda.org/conda-forge/osx-arm64/propcache-0.3.1-py312h998013c_0.conda#d8280c97e09e85c72916a3d98a4076d7
https://conda.anaconda.org/conda-forge/osx-arm64/protobuf-6.31.1-py312h2c926ec_2.conda#a772c3d86f4e74dabcae0817d2af73c5
https://conda.anaconda.org/conda-forge/osx-arm64/psutil-7.1.3-py312h37e1c23_0.conda#d0b2f83de57eafaa6d7700b589c66096
https://conda.anaconda.org/conda-forge/noarch/ptyprocess-0.7.0-pyhd8ed1ab_1.conda#7d9daffbb8d8e0af0f769dbbcd173a54
https://conda.anaconda.org/conda-forge/noarch/pure_eval-0.2.3-pyhd8ed1ab_1.conda#3bfdfb8dbcdc4af1ae3f9a8eb3948f04
https://conda.anaconda.org/conda-forge/noarch/pyasn1-0.6.1-pyhd8ed1ab_2.conda#09bb17ed307ad6ab2fd78d32372fdd4e
https://conda.anaconda.org/conda-forge/noarch/pycparser-2.22-pyh29332c3_1.conda#12c566707c80111f9799308d9e265aef
https://conda.anaconda.org/conda-forge/noarch/pygments-2.19.2-pyhd8ed1ab_0.conda#6b6ece66ebcae2d5f326c77ef2c5a066
https://conda.anaconda.org/conda-forge/noarch/pyjwt-2.10.1-pyhd8ed1ab_0.conda#84c5c40ea7c5bbc6243556e5daed20e7
https://conda.anaconda.org/conda-forge/noarch/pyparsing-3.2.5-pyhcf101f3_0.conda#6c8979be6d7a17692793114fa26916e8
https://conda.anaconda.org/conda-forge/noarch/pysocks-1.7.1-pyha55dd90_7.conda#461219d1a5bd61342293efa2c0c90eac
https://conda.anaconda.org/conda-forge/noarch/python-fastjsonschema-2.21.2-pyhe01879c_0.conda#23029aae904a2ba587daba708208012f
https://conda.anaconda.org/conda-forge/noarch/python-json-logger-2.0.7-pyhd8ed1ab_0.conda#a61bf9ec79426938ff785eb69dbb1960
https://conda.anaconda.org/conda-forge/noarch/python-tzdata-2025.2-pyhd8ed1ab_0.conda#88476ae6ebd24f39261e0854ac244f33
https://conda.anaconda.org/conda-forge/noarch/pytz-2025.2-pyhd8ed1ab_0.conda#bc8e3267d44011051f2eb14d22fb0960
https://conda.anaconda.org/conda-forge/osx-arm64/pyyaml-6.0.3-py312h5748b74_0.conda#6a2d7f8a026223c2fa1027c96c615752
https://conda.anaconda.org/conda-forge/osx-arm64/re2-2025.11.05-h64b956e_0.conda#1b35e663ed321840af65e7c5cde419f2
https://conda.anaconda.org/conda-forge/osx-arm64/regex-2025.11.3-py312h4409184_1.conda#2f21cc6cc75718d5320e26e59de34c15
https://conda.anaconda.org/conda-forge/noarch/rfc3986-validator-0.1.1-pyh9f0ad1d_0.tar.bz2#912a71cc01012ee38e6b90ddd561e36f
https://conda.anaconda.org/conda-forge/osx-arm64/rpds-py-0.29.0-py312h6ef9ec0_0.conda#2994e9a997947e7082a306eef58f7931
https://conda.anaconda.org/conda-forge/noarch/setuptools-80.9.0-pyhff2d567_0.conda#4de79c071274a53dcaf2a8c749d1499e
https://conda.anaconda.org/conda-forge/noarch/shellingham-1.5.4-pyhd8ed1ab_2.conda#83ea3a2ddb7a75c1b09cea582aa4f106
https://conda.anaconda.org/conda-forge/noarch/six-1.17.0-pyhe01879c_1.conda#3339e3b65d58accf4ca4fb8748ab16b3
https://conda.anaconda.org/conda-forge/noarch/slicer-0.0.8-pyhd8ed1ab_0.conda#f6f75ceccf92ddb21665b03cfbfa7800
https://conda.anaconda.org/conda-forge/noarch/sniffio-1.3.1-pyhd8ed1ab_2.conda#03fe290994c5e4ec17293cfb6bdce520
https://conda.anaconda.org/conda-forge/noarch/snowballstemmer-3.0.1-pyhd8ed1ab_0.conda#755cf22df8693aa0d1aec1c123fa5863
https://conda.anaconda.org/conda-forge/noarch/soupsieve-2.8-pyhd8ed1ab_0.conda#18c019ccf43769d211f2cf78e9ad46c2
https://conda.anaconda.org/conda-forge/noarch/spacy-legacy-3.0.12-pyhd8ed1ab_0.conda#bbe68ced56ea855f0223c329f1fd2fc0
https://conda.anaconda.org/conda-forge/noarch/spacy-loggers-1.0.5-pyhd8ed1ab_0.conda#017fa97ac8c29416983dc9e67b27f6c8
https://conda.anaconda.org/conda-forge/noarch/sphinxcontrib-applehelp-1.0.4-pyhd8ed1ab_0.conda#5a31a7d564f551d0e6dff52fd8cb5b16
https://conda.anaconda.org/conda-forge/noarch/sphinxcontrib-devhelp-1.0.2-py_0.tar.bz2#68e01cac9d38d0e717cd5c87bc3d2cc9
https://conda.anaconda.org/conda-forge/noarch/sphinxcontrib-htmlhelp-2.0.1-pyhd8ed1ab_0.conda#6c8c4d6eb2325e59290ac6dbbeacd5f0
https://conda.anaconda.org/conda-forge/noarch/sphinxcontrib-jsmath-1.0.1-pyhd8ed1ab_1.conda#fa839b5ff59e192f411ccc7dae6588bb
https://conda.anaconda.org/conda-forge/noarch/sphinxcontrib-qthelp-1.0.3-py_0.tar.bz2#d01180388e6d1838c3e1ad029590aa7a
https://conda.anaconda.org/conda-forge/noarch/sphinxcontrib-serializinghtml-1.1.5-pyhd8ed1ab_2.tar.bz2#9ff55a0901cf952f05c654394de76bf7
https://conda.anaconda.org/conda-forge/noarch/tabulate-0.9.0-pyhd8ed1ab_2.conda#959484a66b4b76befcddc4fa97c95567
https://conda.anaconda.org/conda-forge/noarch/threadpoolctl-3.6.0-pyhecae5ae_0.conda#9d64911b31d57ca443e9f1e36b04385f
https://conda.anaconda.org/conda-forge/noarch/tomli-2.3.0-pyhcf101f3_0.conda#d2732eb636c264dc9aa4cbee404b1a53
https://conda.anaconda.org/conda-forge/osx-arm64/tornado-6.5.2-py312h4409184_2.conda#fb37abf9d8222ece113ffa6128bd5357
https://conda.anaconda.org/conda-forge/noarch/traitlets-5.14.3-pyhd8ed1ab_1.conda#019a7385be9af33791c989871317e1ed
https://conda.anaconda.org/conda-forge/noarch/typing_extensions-4.15.0-pyhcf101f3_0.conda#0caa1af407ecff61170c9437a808404d
https://conda.anaconda.org/conda-forge/noarch/typing_utils-0.1.0-pyhd8ed1ab_1.conda#f6d7aa696c67756a650e91e15e88223c
https://conda.anaconda.org/conda-forge/osx-arm64/ujson-5.11.0-py312he360a15_1.conda#8d226a5811b0c5e311cad9bef423cc85
https://conda.anaconda.org/conda-forge/osx-arm64/unicodedata2-17.0.0-py312h4409184_1.conda#b0b0c7ea4888b6f4009afa7001e6adaa
https://conda.anaconda.org/conda-forge/noarch/uri-template-1.3.0-pyhd8ed1ab_1.conda#e7cb0f5745e4c5035a460248334af7eb
https://conda.anaconda.org/conda-forge/noarch/uritemplate-4.2.0-pyhd8ed1ab_0.conda#39224004f2b57cf7a7fb3d83610ab633
https://conda.anaconda.org/conda-forge/osx-arm64/vegafusion-python-embed-1.6.9-py312h28167fc_3.conda#931ae716b77aed455f2f7889efa9fa6a
https://conda.anaconda.org/conda-forge/osx-arm64/vl-convert-python-1.8.0-py312h4409184_1.conda#a96adc410be3d80b6f4dfd65bbc271b6
https://conda.anaconda.org/conda-forge/noarch/wasabi-1.1.3-pyhd8ed1ab_1.conda#fa76741f59d973f2e07d810ee124cb25
https://conda.anaconda.org/conda-forge/noarch/wcwidth-0.2.14-pyhd8ed1ab_0.conda#7e1e5ff31239f9cd5855714df8a3783d
https://conda.anaconda.org/conda-forge/noarch/webcolors-25.10.0-pyhd8ed1ab_0.conda#6639b6b0d8b5a284f027a2003669aa65
https://conda.anaconda.org/conda-forge/noarch/webencodings-0.5.1-pyhd8ed1ab_3.conda#2841eb5bfc75ce15e9a0054b98dcd64d
https://conda.anaconda.org/conda-forge/noarch/websocket-client-1.9.0-pyhd8ed1ab_0.conda#2f1ed718fcd829c184a6d4f0f2e07409
https://conda.anaconda.org/conda-forge/noarch/wheel-0.45.1-pyhd8ed1ab_1.conda#75cb7132eb58d97896e173ef12ac9986
https://conda.anaconda.org/conda-forge/noarch/widgetsnbextension-4.0.15-pyhd8ed1ab_0.conda#dc257b7e7cad9b79c1dfba194e92297b
https://conda.anaconda.org/conda-forge/osx-arm64/wrapt-1.17.3-py312h163523d_1.conda#5658c0733acef1e0e2701aa1ebaa1f14
https://conda.anaconda.org/conda-forge/noarch/xyzservices-2025.10.0-pyhd8ed1ab_0.conda#c98904dfa356df2e386db8af043be202
https://conda.anaconda.org/conda-forge/osx-arm64/zeromq-4.3.5-h888dc83_9.conda#26f39dfe38a2a65437c29d69906a0f68
https://conda.anaconda.org/conda-forge/noarch/zipp-3.23.0-pyhd8ed1ab_0.conda#df5e78d904988eb55042c0c97446079f
https://conda.anaconda.org/conda-forge/noarch/aiosignal-1.4.0-pyhd8ed1ab_0.conda#421a865222cd0c9d83ff08bc78bf3a61
https://conda.anaconda.org/conda-forge/noarch/astunparse-1.6.3-pyhd8ed1ab_3.conda#d3f195dfdbbf736e4ec178bbec2a975c
https://conda.anaconda.org/conda-forge/noarch/async-lru-2.0.5-pyh29332c3_0.conda#d9d0f99095a9bb7e3641bca8c6ad2ac7
https://conda.anaconda.org/conda-forge/osx-arm64/aws-c-auth-0.9.1-h8818502_7.conda#5911d3f258ad38448633e3cae7974dce
https://conda.anaconda.org/conda-forge/osx-arm64/aws-c-mqtt-0.13.3-ha255ef3_10.conda#9cd47db715a96fdfb8b4a73f1a5de587
https://conda.anaconda.org/conda-forge/osx-arm64/azure-core-cpp-1.16.1-h88fedcc_0.conda#fbe485a39b05090c0b5f8bb4febcd343
https://conda.anaconda.org/conda-forge/noarch/babel-2.17.0-pyhd8ed1ab_0.conda#0a01c169f0ab0f91b26e77a3301fbfe4
https://conda.anaconda.org/conda-forge/noarch/bleach-6.3.0-pyhcf101f3_0.conda#b1a27250d70881943cca0dd6b4ba0956
https://conda.anaconda.org/conda-forge/noarch/cached-property-1.5.2-hd8ed1ab_1.tar.bz2#9b347a7ec10940d3f7941ff6c460b551
https://conda.anaconda.org/conda-forge/osx-arm64/cffi-2.0.0-py312h1b4d9a2_1.conda#503ac138ad3cfc09459738c0f5750705
https://conda.anaconda.org/conda-forge/noarch/cloudpathlib-0.23.0-pyhd8ed1ab_0.conda#fa372d1e52f3247f758cdbd517a4047d
https://conda.anaconda.org/conda-forge/noarch/exceptiongroup-1.3.0-pyhd8ed1ab_0.conda#72e42d28960d875c7654614f8b50939a
https://conda.anaconda.org/conda-forge/osx-arm64/fonttools-4.60.1-py312h5748b74_0.conda#a90d85f3aea82811b076ef644f3812ec
https://conda.anaconda.org/conda-forge/osx-arm64/freetype-2.14.1-hce30654_0.conda#1ec9a1ee7a2c9339774ad9bb6fe6caec
https://conda.anaconda.org/conda-forge/noarch/googleapis-common-protos-1.72.0-pyhd8ed1ab_0.conda#003094932fb90de018f77a273b8a509b
https://conda.anaconda.org/conda-forge/noarch/h11-0.16.0-pyhd8ed1ab_0.conda#4b69232755285701bc86a5afe4d9933a
https://conda.anaconda.org/conda-forge/noarch/h2-4.3.0-pyhcf101f3_0.conda#164fc43f0b53b6e3a7bc7dce5e4f1dc9
https://conda.anaconda.org/conda-forge/noarch/httplib2-0.31.0-pyhd8ed1ab_0.conda#33ee2e1652fdddcce06312eb0ab6c2d5
https://conda.anaconda.org/conda-forge/noarch/importlib-metadata-8.7.0-pyhe01879c_1.conda#63ccfdc3a3ce25b027b8767eb722fca8
https://conda.anaconda.org/conda-forge/noarch/importlib_resources-6.5.2-pyhd8ed1ab_0.conda#c85c76dc67d75619a92f51dfbce06992
https://conda.anaconda.org/conda-forge/noarch/ipython_pygments_lexers-1.1.1-pyhd8ed1ab_0.conda#bd80ba060603cc228d9d81c257093119
https://conda.anaconda.org/conda-forge/noarch/jedi-0.19.2-pyhd8ed1ab_1.conda#a4f4c5dc9b80bc50e0d3dc4e6e8f1bd9
https://conda.anaconda.org/conda-forge/noarch/jinja2-3.1.6-pyhd8ed1ab_0.conda#446bd6c8cb26050d528881df495ce646
https://conda.anaconda.org/conda-forge/noarch/joblib-1.5.2-pyhd8ed1ab_0.conda#4e717929cfa0d49cef92d911e31d0e90
https://conda.anaconda.org/conda-forge/noarch/jupyter_core-5.9.1-pyhc90fa1f_0.conda#b38fe4e78ee75def7e599843ef4c1ab0
https://conda.anaconda.org/conda-forge/noarch/jupyterlab_pygments-0.3.0-pyhd8ed1ab_2.conda#fd312693df06da3578383232528c468d
https://conda.anaconda.org/conda-forge/osx-arm64/libblas-3.11.0-1_h51639a9_openblas.conda#379254bdc34eec0bd4464935c3bff8ba
https://conda.anaconda.org/conda-forge/osx-arm64/libgrpc-1.73.1-h3063b79_1.conda#f5856b3b9dae4463348a7ec23c1301f2
https://conda.anaconda.org/conda-forge/noarch/markdown-it-py-4.0.0-pyhd8ed1ab_0.conda#5b5203189eb668f042ac2b0826244964
https://conda.anaconda.org/conda-forge/noarch/matplotlib-inline-0.2.1-pyhd8ed1ab_0.conda#00e120ce3e40bad7bfc78861ce3c4a25
https://conda.anaconda.org/conda-forge/noarch/mercantile-1.2.1-pyhd8ed1ab_1.conda#9820756deea38bd213240fd0556d44b8
https://conda.anaconda.org/conda-forge/noarch/mistune-3.1.4-pyhcf101f3_0.conda#f5a4d548d1d3bdd517260409fc21e205
https://conda.anaconda.org/conda-forge/noarch/overrides-7.7.0-pyhd8ed1ab_1.conda#e51f1e4089cad105b6cac64bd8166587
https://conda.anaconda.org/conda-forge/noarch/pexpect-4.9.0-pyhd8ed1ab_1.conda#d0d408b1f18883a944376da5cf8101ea
https://conda.anaconda.org/conda-forge/osx-arm64/pillow-12.0.0-py312h16e1670_0.conda#42d1702bc51ef55918c28e9b9bdcbf0b
https://conda.anaconda.org/conda-forge/noarch/pip-25.3-pyh8b19718_0.conda#c55515ca43c6444d2572e0f0d93cb6b9
https://conda.anaconda.org/conda-forge/noarch/plotly-6.5.0-pyhd8ed1ab_0.conda#6d4c79b604d50c1140c32164f7eca72a
https://conda.anaconda.org/conda-forge/osx-arm64/preshed-3.0.12-py312h455b684_0.conda#117bb6fd32c4605816d2a7ad3a7ceef9
https://conda.anaconda.org/conda-forge/osx-arm64/prometheus-cpp-1.3.0-h0967b3e_0.conda#7172339b49c94275ba42fec3eaeda34f
https://conda.anaconda.org/conda-forge/noarch/prompt-toolkit-3.0.52-pyha770c72_0.conda#edb16f14d920fb3faf17f5ce582942d6
https://conda.anaconda.org/conda-forge/noarch/proto-plus-1.26.1-pyhd8ed1ab_0.conda#6fcfcf4432cd80d05ee9c6e20830bd36
https://conda.anaconda.org/conda-forge/noarch/psygnal-0.15.0-pyhd8ed1ab_0.conda#ef00b893b0d58072a34915459b2309d6
https://conda.anaconda.org/conda-forge/noarch/pyasn1-modules-0.4.2-pyhd8ed1ab_0.conda#c689b62552f6b63f32f3322e463f3805
https://conda.anaconda.org/conda-forge/osx-arm64/pyobjc-core-12.1-py312h19bbe71_0.conda#c65d7abdc9e60fd3af0ed852591adf1b
https://conda.anaconda.org/conda-forge/noarch/python-dateutil-2.9.0.post0-pyhe01879c_2.conda#5b8d21249ff20967101ffa321cab24e8
https://conda.anaconda.org/conda-forge/noarch/python-gil-3.12.12-hd8ed1ab_1.conda#c20172b4c59fbe288fa50cdc1b693d73
https://conda.anaconda.org/conda-forge/noarch/pyu2f-0.1.5-pyhd8ed1ab_1.conda#644bd4ca9f68ef536b902685d773d697
https://conda.anaconda.org/conda-forge/noarch/referencing-0.37.0-pyhcf101f3_0.conda#870293df500ca7e18bedefa5838a22ab
https://conda.anaconda.org/conda-forge/noarch/rfc3339-validator-0.1.4-pyhd8ed1ab_1.conda#36de09a8d3e5d5e6f4ee63af49e59706
https://conda.anaconda.org/conda-forge/noarch/rfc3987-syntax-1.1.0-pyhe01879c_1.conda#7234f99325263a5af6d4cd195035e8f2
https://conda.anaconda.org/conda-forge/noarch/rsa-4.9.1-pyhd8ed1ab_0.conda#58958bb50f986ac0c46f73b6e290d5fe
https://conda.anaconda.org/conda-forge/noarch/smart_open-7.5.0-pyhcf101f3_0.conda#9d1659c8332e9822e347e115e6bb4d0c
https://conda.anaconda.org/conda-forge/osx-arm64/srsly-2.5.2-py312h455b684_0.conda#ef9a1a0d9d95c0c226101f907882cc6f
https://conda.anaconda.org/conda-forge/noarch/stack_data-0.6.3-pyhd8ed1ab_1.conda#b1b505328da7a6b246787df4b5a49fbc
https://conda.anaconda.org/conda-forge/noarch/terminado-0.18.1-pyh31c8845_0.conda#00b54981b923f5aefcd5e8547de056d5
https://conda.anaconda.org/conda-forge/noarch/tinycss2-1.5.0-pyhcf101f3_0.conda#2caf483992d5d92b232451f843bdc8af
https://conda.anaconda.org/conda-forge/noarch/tqdm-4.67.1-pyhd8ed1ab_1.conda#9efbfdc37242619130ea42b1cc4ed861
https://conda.anaconda.org/conda-forge/noarch/typer-slim-0.20.0-pyhcf101f3_1.conda#4b02a515f3e882dcfe9cfbf0a1f5cd3a
https://conda.anaconda.org/conda-forge/noarch/typing-extensions-4.15.0-h396c80c_0.conda#edd329d7d3a4ab45dcf905899a7a6115
https://conda.anaconda.org/conda-forge/noarch/typing-inspection-0.4.2-pyhd8ed1ab_0.conda#399701494e731ce73fdd86c185a3d1b4
https://conda.anaconda.org/conda-forge/osx-arm64/yarl-1.22.0-py312h5748b74_0.conda#0a28337559bbd97ff6d99598c7a3ffb4
https://conda.anaconda.org/conda-forge/noarch/_python_abi3_support-1.0-hd8ed1ab_2.conda#aaa2a381ccc56eac91d63b6c1240312f
https://conda.anaconda.org/conda-forge/osx-arm64/aiohttp-3.13.2-py312he52fbff_0.conda#b4abb46248fa5cf1bc71c1b837c648a8
https://conda.anaconda.org/conda-forge/noarch/annotated-types-0.7.0-pyhd8ed1ab_1.conda#2934f256a8acfe48f6ebb4fce6cde29c
https://conda.anaconda.org/conda-forge/noarch/anyio-4.11.0-pyhcf101f3_0.conda#814472b61da9792fae28156cb9ee54f5
https://conda.anaconda.org/conda-forge/osx-arm64/argon2-cffi-bindings-25.1.0-py312h4409184_2.conda#0a2a07b42db3f92b8dccf0f60b5ebee8
https://conda.anaconda.org/conda-forge/noarch/arrow-1.4.0-pyhcf101f3_0.conda#85c4f19f377424eafc4ed7911b291642
https://conda.anaconda.org/conda-forge/osx-arm64/aws-c-s3-0.10.1-hd860258_2.conda#aedf566be89662b89085bede11c0731a
https://conda.anaconda.org/conda-forge/osx-arm64/azure-identity-cpp-1.13.2-h853621b_1.conda#fac63edc393d7035ab23fbccdeda34f4
https://conda.anaconda.org/conda-forge/osx-arm64/azure-storage-common-cpp-12.11.0-h7e4aa5d_1.conda#ac9113ea0b7ed5ecf452503f82bf2956
https://conda.anaconda.org/conda-forge/noarch/beautifulsoup4-4.14.2-pyha770c72_0.conda#749ebebabc2cae99b2e5b3edd04c6ca2
https://conda.anaconda.org/conda-forge/noarch/bleach-with-css-6.3.0-h5f6438b_0.conda#08a03378bc5293c6f97637323802f480
https://conda.anaconda.org/conda-forge/osx-arm64/cryptography-46.0.3-py312h05a80bc_0.conda#c53c9d2886e552bcdcaf6f5c1abd86f7
https://conda.anaconda.org/conda-forge/osx-arm64/fontconfig-2.15.0-h1383a14_1.conda#7b29f48742cea5d1ccb5edd839cb5621
https://conda.anaconda.org/conda-forge/noarch/fqdn-1.5.1-pyhd8ed1ab_1.conda#d3549fd50d450b6d9e7dddff25dd2110
https://conda.anaconda.org/conda-forge/noarch/ipython-9.7.0-pyh53cf698_0.conda#2d6b86a2e11b8cb2f20a432158ef10b9
https://conda.anaconda.org/conda-forge/noarch/jsonschema-specifications-2025.9.1-pyhcf101f3_0.conda#439cd0f567d697b20a8f45cb70a1005a
https://conda.anaconda.org/conda-forge/noarch/jupyter_server_terminals-0.5.3-pyhd8ed1ab_1.conda#2d983ff1b82a1ccb6f2e9d8784bdd6bd
https://conda.anaconda.org/conda-forge/osx-arm64/libcblas-3.11.0-1_hb0561ab_openblas.conda#f2b9d50745b55f4a837b333e69b5974a
https://conda.anaconda.org/conda-forge/osx-arm64/libgoogle-cloud-2.39.0-head0a95_0.conda#ad7272a081abe0966d0297691154eda5
https://conda.anaconda.org/conda-forge/osx-arm64/liblapack-3.11.0-1_hd9741b5_openblas.conda#5659bf8243896cb24e3de819d422b1a3
https://conda.anaconda.org/conda-forge/osx-arm64/libopentelemetry-cpp-1.21.0-he15edb5_1.conda#cbcea547d6d831863ab0a4e164099062
https://conda.anaconda.org/conda-forge/noarch/mdit-py-plugins-0.5.0-pyhd8ed1ab_0.conda#1997a083ef0b4c9331f9191564be275e
https://conda.anaconda.org/conda-forge/noarch/nltk-3.9.2-pyhcf101f3_1.conda#0dc14490fe2a7788902dfb9378911837
https://conda.anaconda.org/conda-forge/osx-arm64/pydantic-core-2.41.5-py312h6ef9ec0_1.conda#88a76b4c912b6127d64298e3d8db980c
https://conda.anaconda.org/conda-forge/osx-arm64/pyobjc-framework-cocoa-12.1-py312h1de3e18_0.conda#f0bae1b67ece138378923e340b940051
https://conda.anaconda.org/conda-forge/noarch/rich-14.2.0-pyhcf101f3_0.conda#a247579d8a59931091b16a1e932bbed6
https://conda.anaconda.org/conda-forge/noarch/smart-open-7.5.0-h0f9f196_0.conda#6ef36c6a6ce87cc57cf0094abfa3d35b
https://conda.anaconda.org/conda-forge/osx-arm64/zstandard-0.25.0-py312h37e1c23_1.conda#9300889791d4decceea3728ad3b423ec
https://conda.anaconda.org/conda-forge/noarch/argon2-cffi-25.1.0-pyhd8ed1ab_0.conda#8ac12aff0860280ee0cff7fa2cf63f3b
https://conda.anaconda.org/conda-forge/osx-arm64/aws-crt-cpp-0.35.2-h5596a46_4.conda#cbecfd2ff3b568b8b206eec25e977aba
https://conda.anaconda.org/conda-forge/osx-arm64/azure-storage-blobs-cpp-12.15.0-h10d327b_1.conda#443b74cf38c6b0f4b675c0517879ce69
https://conda.anaconda.org/conda-forge/osx-arm64/cairo-1.18.4-h6a3b0d2_0.conda#38f6df8bc8c668417b904369a01ba2e2
https://conda.anaconda.org/conda-forge/noarch/httpcore-1.0.9-pyh29332c3_0.conda#4f14640d58e2cc0aa0819d9d8ba125bb
https://conda.anaconda.org/conda-forge/noarch/ipywidgets-8.1.8-pyhd8ed1ab_0.conda#d68e3f70d1f068f1b66d94822fdc644e
https://conda.anaconda.org/conda-forge/noarch/isoduration-20.11.0-pyhd8ed1ab_1.conda#0b0154421989637d424ccf0f104be51a
https://conda.anaconda.org/conda-forge/noarch/jsonschema-4.25.1-pyhe01879c_0.conda#341fd940c242cf33e832c0402face56f
https://conda.anaconda.org/conda-forge/osx-arm64/libgd-2.3.3-hb2c3a21_11.conda#4581aa3cfcd1a90967ed02d4a9f3db4b
https://conda.anaconda.org/conda-forge/osx-arm64/libgoogle-cloud-storage-2.39.0-hfa3a374_0.conda#147a468b9b6c3ced1fccd69b864ae289
https://conda.anaconda.org/conda-forge/osx-arm64/numpy-1.26.4-py312h8442bc7_0.conda#d83fc83d589e2625a3451c9a7e21047c
https://conda.anaconda.org/conda-forge/noarch/oauthlib-3.3.1-pyhd8ed1ab_0.conda#d4f3f31ee39db3efecb96c0728d4bdbf
https://conda.anaconda.org/conda-forge/noarch/pydantic-2.12.4-pyh3cfb1c2_0.conda#bf6ce72315b6759453d8c90a894e9e4c
https://conda.anaconda.org/conda-forge/noarch/pyopenssl-25.3.0-pyhd8ed1ab_0.conda#ddf01a1d87103a152f725c7aeabffa29
https://conda.anaconda.org/conda-forge/osx-arm64/pyzmq-27.1.0-py312hd65ceae_0.conda#bbd22b0f0454a5972f68a5f200643050
https://conda.anaconda.org/conda-forge/noarch/send2trash-1.8.3-pyh31c8845_1.conda#e67b1b1fa7a79ff9e8e326d0caf55854
https://conda.anaconda.org/conda-forge/noarch/typer-slim-standard-0.20.0-h4daf872_1.conda#37b26aafb15a6687b31a3d8d7a1f04e7
https://conda.anaconda.org/conda-forge/noarch/urllib3-2.5.0-pyhd8ed1ab_0.conda#436c165519e140cb08d246a4472a9d6a
https://conda.anaconda.org/conda-forge/noarch/altair-5.4.1-pyhd8ed1ab_3.conda#1023b24b9c859bf5d9223a202d7e58b9
https://conda.anaconda.org/conda-forge/noarch/anywidget-0.9.21-pyhd8ed1ab_0.conda#57f60e533706612b69fe7db6980aec67
https://conda.anaconda.org/conda-forge/osx-arm64/aws-sdk-cpp-1.11.606-h95becb6_7.conda#d761024d957bd11454accf9a181f1890
https://conda.anaconda.org/conda-forge/osx-arm64/azure-storage-files-datalake-cpp-12.13.0-hb288d13_1.conda#595091ae43974e5059d6eabf0a6a7aa5
https://conda.anaconda.org/conda-forge/noarch/confection-0.1.5-pyhecae5ae_0.conda#cb7c903ea9e763e1e026d8633ae81964
https://conda.anaconda.org/conda-forge/osx-arm64/contourpy-1.3.3-py312h84eede6_3.conda#e3fbe173dea7137a6d766cbacf697df2
https://conda.anaconda.org/conda-forge/osx-arm64/cython-blis-1.3.3-py312ha11c99a_0.conda#f730f880ab0f9f7db9f11ce0d454d109
https://conda.anaconda.org/conda-forge/osx-arm64/harfbuzz-12.2.0-haf38c7b_0.conda#1c7ff9d458dd8220ac2ee71dd4af1be5
https://conda.anaconda.org/conda-forge/noarch/httpx-0.28.1-pyhd8ed1ab_0.conda#d6989ead454181f4f9bc987d3dc4e285
https://conda.anaconda.org/conda-forge/noarch/ipylab-1.1.0-pyhe01879c_0.conda#c55567d689e2bcb5a0e67e8ec9f4aa5a
https://conda.anaconda.org/conda-forge/noarch/jsonschema-with-format-nongpl-4.25.1-he01879c_0.conda#13e31c573c884962318a738405ca3487
https://conda.anaconda.org/conda-forge/noarch/jupyter_client-8.6.3-pyhd8ed1ab_1.conda#4ebae00eae9705b0c3d6d1018a81d047
https://conda.anaconda.org/conda-forge/noarch/nbformat-5.10.4-pyhd8ed1ab_1.conda#bbe1963f1e47f594070ffe87cdf612ea
https://conda.anaconda.org/conda-forge/osx-arm64/numba-0.62.1-py312hd24c766_0.conda#8303e54ddf57f1d42ecbce8cc2d6e161
https://conda.anaconda.org/conda-forge/osx-arm64/pandas-2.3.3-py312h5978115_1.conda#964f71d4c42a4ef3b1e77da7b51c0f1b
https://conda.anaconda.org/conda-forge/noarch/requests-2.32.5-pyhd8ed1ab_0.conda#db0c6b99149880c8ba515cf4abe93ee4
https://conda.anaconda.org/conda-forge/osx-arm64/scipy-1.16.3-py312ha6bbf71_1.conda#d196eb3cfffef4a8ea51fbb55dbe8188
https://conda.anaconda.org/conda-forge/noarch/typer-0.20.0-pyhefaf540_1.conda#23a53fdefc45ba3f4e075cc0997fd13b
https://conda.anaconda.org/conda-forge/noarch/altair_tiles-0.4.0-pyhd8ed1ab_0.conda#591c8aed9f840a2a17202f2b9f93329b
https://conda.anaconda.org/conda-forge/noarch/google-auth-2.41.1-pyhd8ed1ab_0.conda#96e470abcfdf28546bc7b4e9788cf71d
https://conda.anaconda.org/conda-forge/noarch/ipykernel-7.1.0-pyh5552912_0.conda#1849eec35b60082d2bd66b4e36dec2b6
https://conda.anaconda.org/conda-forge/noarch/jupyter_events-0.12.0-pyh29332c3_0.conda#f56000b36f09ab7533877e695e4e8cb0
https://conda.anaconda.org/conda-forge/noarch/jupytext-1.18.1-pyh80e38bb_0.conda#3c85f79f1debe2d2c82ac08f1c1126e1
https://conda.anaconda.org/conda-forge/osx-arm64/libarrow-22.0.0-h4a3aeba_4_cpu.conda#91aa4b66daf8ac61548cd27c5112655e
https://conda.anaconda.org/conda-forge/noarch/lightgbm-4.6.0-cpu_py_6.conda#4a80005966212a5cd8ce200c89d05c50
https://conda.anaconda.org/conda-forge/osx-arm64/matplotlib-base-3.10.8-py312h605b88b_0.conda#fbc4f90b3d63ea4e6c30f7733a0b5bfd
https://conda.anaconda.org/conda-forge/noarch/nbclient-0.10.2-pyhd8ed1ab_0.conda#6bb0d77277061742744176ab555b723c
https://conda.anaconda.org/conda-forge/osx-arm64/pango-1.56.4-h875632e_0.conda#7d57f8b4b7acfc75c777bc231f0d31be
https://conda.anaconda.org/conda-forge/noarch/python-on-whales-0.79.0-pyh332efcf_0.conda#cdc535af740dcd2c3b7ef09638c6d5ff
https://conda.anaconda.org/conda-forge/noarch/requests-oauthlib-2.0.0-pyhd8ed1ab_1.conda#a283b764d8b155f81e904675ef5e1f4b
https://conda.anaconda.org/conda-forge/osx-arm64/scikit-learn-1.7.2-py312h79e0ffc_0.conda#c3b31a2189b2a54272ab6831fe16106d
https://repo.anaconda.com/pkgs/main/noarch/sphinx-3.5.3-pyhd3eb1b0_0.conda#86bbf39e6a87d7d14c86df0c05886123
https://conda.anaconda.org/conda-forge/osx-arm64/thinc-8.3.10-py312h57ed58c_0.conda#b6af156cdb5ef4c2582997263adcbf56
https://conda.anaconda.org/conda-forge/noarch/vega_datasets-0.9.0-pyhd8ed1ab_1.conda#a2208a412fdfefbd36e9c740da9a3f3b
https://conda.anaconda.org/conda-forge/noarch/weasel-0.4.3-pyhd8ed1ab_0.conda#86102837379dce9cbe670da42e60d4b2
https://conda.anaconda.org/conda-forge/noarch/fica-0.4.1-pyhd8ed1ab_1.conda#273ef05a41cfcf1265c83bb2bfb5156b
https://conda.anaconda.org/conda-forge/noarch/google-api-core-2.28.1-pyhd8ed1ab_0.conda#4f543962961d34db6b5c72ebe827caf7
https://conda.anaconda.org/conda-forge/noarch/google-auth-httplib2-0.2.1-pyhd8ed1ab_0.conda#adbe485b64ac928f95d4029c0b4f032d
https://conda.anaconda.org/conda-forge/noarch/google-auth-oauthlib-1.2.3-pyhd8ed1ab_1.conda#629723700449223b8348e493a1336d7e
https://conda.anaconda.org/conda-forge/osx-arm64/gtk3-3.24.43-h5febe37_6.conda#a99f96906158ebae5e3c0904bcd45145
https://conda.anaconda.org/conda-forge/noarch/imbalanced-learn-0.14.0-pyhd8ed1ab_0.conda#d8f8ad40c9942ac5a640585ece40c15c
https://conda.anaconda.org/conda-forge/osx-arm64/libarrow-compute-22.0.0-h75845d1_4_cpu.conda#461c83e1825eb0584578e7d6445ab85f
https://conda.anaconda.org/conda-forge/osx-arm64/libparquet-22.0.0-h0ac143b_4_cpu.conda#028c54faa0fdd72dea6d4dd18b8c8210
https://conda.anaconda.org/conda-forge/osx-arm64/librsvg-2.60.0-h5c55ec3_0.conda#05ad1d6b6fb3b384f7a07128025725cb
https://conda.anaconda.org/conda-forge/osx-arm64/matplotlib-3.10.8-py312h1f38498_0.conda#534ed7eb4471c088285fdb382805e6ef
https://conda.anaconda.org/conda-forge/noarch/nbconvert-core-7.16.6-pyhcf101f3_1.conda#cfc86ccc3b1de35d36ccaae4c50391f5
https://conda.anaconda.org/conda-forge/noarch/py-xgboost-3.1.1-cpu_pyh35227d3_0.conda#6eb3e87935d43f635c12afebee264a7f
https://conda.anaconda.org/conda-forge/osx-arm64/shap-0.48.0-cpu_py312h49bd6d6_1.conda#a4f8d64adb2cfbdedc9d079d538e3721
https://conda.anaconda.org/conda-forge/osx-arm64/spacy-3.8.11-py312h57ed58c_0.conda#a3c18f0a9d7b1ff06b0643b32057a9a6
https://conda.anaconda.org/conda-forge/noarch/adwaita-icon-theme-49.0-unix_0.conda#b3f0179590f3c0637b7eb5309898f79e
https://conda.anaconda.org/conda-forge/noarch/google-api-python-client-2.187.0-pyh332efcf_0.conda#88ac4a55841541d5517d9a1eb468239c
https://conda.anaconda.org/conda-forge/noarch/jupyter_server-2.17.0-pyhcf101f3_0.conda#d79a87dcfa726bcea8e61275feed6f83
https://conda.anaconda.org/conda-forge/osx-arm64/libarrow-acero-22.0.0-hc317990_4_cpu.conda#e8b3dc59675ac45f8d10d31f1fd59a87
https://conda.anaconda.org/conda-forge/osx-arm64/pyarrow-core-22.0.0-py312hea229ce_0_cpu.conda#9b8e724a37788b846f67a93d1d2c9fa7
https://conda.anaconda.org/conda-forge/noarch/xgboost-3.1.1-cpu_pyhb39878e_0.conda#c0d5da3c627340955226b7e4aa6fab3c
https://conda.anaconda.org/conda-forge/osx-arm64/graphviz-14.0.4-h527465c_0.conda#e216e2d352e819a775ee352c18733425
https://conda.anaconda.org/conda-forge/noarch/jupyter-lsp-2.3.0-pyhcf101f3_0.conda#62b7c96c6cd77f8173cc5cada6a9acaa
https://conda.anaconda.org/conda-forge/noarch/jupyterlab_server-2.28.0-pyhcf101f3_0.conda#a63877cb23de826b1620d3adfccc4014
https://conda.anaconda.org/conda-forge/osx-arm64/libarrow-dataset-22.0.0-hc317990_4_cpu.conda#de0eff5023e9ef88889f3dd9c1834207
https://conda.anaconda.org/conda-forge/noarch/notebook-shim-0.2.4-pyhd8ed1ab_1.conda#e7f89ea5f7ea9401642758ff50a2d9c1
https://conda.anaconda.org/conda-forge/noarch/otter-grader-base-6.1.6-pyhcf101f3_2.conda#140f3e28335b71d1b421e5885141d7aa
https://conda.anaconda.org/conda-forge/noarch/jupyterlab-4.5.0-pyhd8ed1ab_0.conda#e6dc3d6bf1591f0ebe8e77959e950660
https://conda.anaconda.org/conda-forge/osx-arm64/libarrow-substrait-22.0.0-h144af7f_4_cpu.conda#ec4ab23fb266c9921dfd7c724181ebc3
https://conda.anaconda.org/conda-forge/noarch/otter-grader-6.1.6-pyh7f80d73_2.conda#570b42df26e3927baa904768a6612121
https://conda.anaconda.org/conda-forge/noarch/python-graphviz-0.21-pyhbacfb6d_0.conda#606d94da4566aa177df7615d68b29176
https://conda.anaconda.org/conda-forge/osx-arm64/catboost-1.2.7-cpu_py312hc95783c_1.conda#c427c4c669abca81adde784760802359
https://conda.anaconda.org/conda-forge/noarch/eli5-0.16.0-pyh29332c3_0.conda#6d92c0f5c9fb6a31629a66a7b05a764c
https://conda.anaconda.org/conda-forge/noarch/notebook-7.5.0-pyhcf101f3_0.conda#3cf7402eb77b6434e830b6863a0e6118
https://conda.anaconda.org/conda-forge/osx-arm64/pyarrow-22.0.0-py312h1f38498_0.conda#e9f07253879e83716fc0aca0ca21648a
https://conda.anaconda.org/conda-forge/noarch/nb_conda_kernels-2.5.1-pyh707e725_2.conda#076e6d822442987779a6622092a8fb6a
https://conda.anaconda.org/conda-forge/noarch/vegafusion-1.6.9-pyhd8ed1ab_0.conda#6aa7e1d32c66d32b86800e61601ba5c6
https://conda.anaconda.org/conda-forge/noarch/altair-all-5.4.1-pyhd8ed1ab_3.conda#acf4dd481bfb1b9fdceff37dcd4243e5
